// !$*UTF8*$!
{
	archiveVersion = 1;
	classes = {
	};
	objectVersion = 56;
	objects = {

/* Begin PBXBuildFile section */
		A10000000000000000000001 /* WriterPadApp.swift in Sources */ = {isa = PBXBuildFile; fileRef = B10000000000000000000001 /* WriterPadApp.swift */; };
		A10000000000000000000002 /* AppEnvironment.swift in Sources */ = {isa = PBXBuildFile; fileRef = B10000000000000000000002 /* AppEnvironment.swift */; };
		A10000000000000000000003 /* BootstrapRecord.swift in Sources */ = {isa = PBXBuildFile; fileRef = B10000000000000000000003 /* BootstrapRecord.swift */; };
		A10000000000000000000004 /* AppClock.swift in Sources */ = {isa = PBXBuildFile; fileRef = B10000000000000000000004 /* AppClock.swift */; };
		A10000000000000000000005 /* FutureChangeNotifying.swift in Sources */ = {isa = PBXBuildFile; fileRef = B10000000000000000000005 /* FutureChangeNotifying.swift */; };
		A10000000000000000000006 /* NoOpFutureChangeNotifier.swift in Sources */ = {isa = PBXBuildFile; fileRef = B10000000000000000000006 /* NoOpFutureChangeNotifier.swift */; };
		A10000000000000000000007 /* RootView.swift in Sources */ = {isa = PBXBuildFile; fileRef = B10000000000000000000007 /* RootView.swift */; };
		A10000000000000000000008 /* UIKitTextViewBridge.swift in Sources */ = {isa = PBXBuildFile; fileRef = B10000000000000000000008 /* UIKitTextViewBridge.swift */; };
		A10000000000000000000009 /* Assets.xcassets in Resources */ = {isa = PBXBuildFile; fileRef = B10000000000000000000009 /* Assets.xcassets */; };
		A1000000000000000000000A /* AppEnvironmentTests.swift in Sources */ = {isa = PBXBuildFile; fileRef = B1000000000000000000000A /* AppEnvironmentTests.swift */; };
		A1000000000000000000000B /* Identifiers.swift in Sources */ = {isa = PBXBuildFile; fileRef = B1000000000000000000000F /* Identifiers.swift */; };
		A1000000000000000000000C /* Project.swift in Sources */ = {isa = PBXBuildFile; fileRef = B10000000000000000000010 /* Project.swift */; };
		A1000000000000000000000D /* DocumentNode.swift in Sources */ = {isa = PBXBuildFile; fileRef = B10000000000000000000011 /* DocumentNode.swift */; };
		A1000000000000000000000E /* BackupSnapshot.swift in Sources */ = {isa = PBXBuildFile; fileRef = B10000000000000000000012 /* BackupSnapshot.swift */; };
		A1000000000000000000000F /* EditorAndSaveState.swift in Sources */ = {isa = PBXBuildFile; fileRef = B10000000000000000000013 /* EditorAndSaveState.swift */; };
		A10000000000000000000010 /* StorageOperations.swift in Sources */ = {isa = PBXBuildFile; fileRef = B10000000000000000000014 /* StorageOperations.swift */; };
		A10000000000000000000011 /* StorageProtocols.swift in Sources */ = {isa = PBXBuildFile; fileRef = B10000000000000000000015 /* StorageProtocols.swift */; };
		A10000000000000000000012 /* UtilityProtocols.swift in Sources */ = {isa = PBXBuildFile; fileRef = B10000000000000000000016 /* UtilityProtocols.swift */; };
		A10000000000000000000013 /* SaveStateMachine.swift in Sources */ = {isa = PBXBuildFile; fileRef = B10000000000000000000017 /* SaveStateMachine.swift */; };
		A10000000000000000000014 /* DomainModelTests.swift in Sources */ = {isa = PBXBuildFile; fileRef = B10000000000000000000018 /* DomainModelTests.swift */; };
		A10000000000000000000015 /* SaveStateMachineTests.swift in Sources */ = {isa = PBXBuildFile; fileRef = B10000000000000000000019 /* SaveStateMachineTests.swift */; };
		A10000000000000000000016 /* WriterPadMetadataSchema.swift in Sources */ = {isa = PBXBuildFile; fileRef = B1000000000000000000001A /* WriterPadMetadataSchema.swift */; };
		A10000000000000000000017 /* MetadataRepositoryError.swift in Sources */ = {isa = PBXBuildFile; fileRef = B1000000000000000000001B /* MetadataRepositoryError.swift */; };
		A10000000000000000000018 /* SwiftDataMetadataRepository.swift in Sources */ = {isa = PBXBuildFile; fileRef = B1000000000000000000001C /* SwiftDataMetadataRepository.swift */; };
		A10000000000000000000019 /* SwiftDataProjectRepository.swift in Sources */ = {isa = PBXBuildFile; fileRef = B1000000000000000000001D /* SwiftDataProjectRepository.swift */; };
		A1000000000000000000001A /* SwiftDataDocumentRepository.swift in Sources */ = {isa = PBXBuildFile; fileRef = B1000000000000000000001E /* SwiftDataDocumentRepository.swift */; };
		A1000000000000000000001B /* SwiftDataWorkspaceRepository.swift in Sources */ = {isa = PBXBuildFile; fileRef = B1000000000000000000001F /* SwiftDataWorkspaceRepository.swift */; };
		A1000000000000000000001C /* SwiftDataMetadataRepositoryTests.swift in Sources */ = {isa = PBXBuildFile; fileRef = B10000000000000000000020 /* SwiftDataMetadataRepositoryTests.swift */; };
		A1000000000000000000001D /* PathPolicy.swift in Sources */ = {isa = PBXBuildFile; fileRef = B10000000000000000000021 /* PathPolicy.swift */; };
		A1000000000000000000001E /* ProjectPathResolver.swift in Sources */ = {isa = PBXBuildFile; fileRef = B10000000000000000000022 /* ProjectPathResolver.swift */; };
		A1000000000000000000001F /* PathPolicyTests.swift in Sources */ = {isa = PBXBuildFile; fileRef = B10000000000000000000023 /* PathPolicyTests.swift */; };
		A10000000000000000000020 /* ProjectPathResolverTests.swift in Sources */ = {isa = PBXBuildFile; fileRef = B10000000000000000000024 /* ProjectPathResolverTests.swift */; };
		A10000000000000000000021 /* SHA256ContentHasher.swift in Sources */ = {isa = PBXBuildFile; fileRef = B10000000000000000000025 /* SHA256ContentHasher.swift */; };
		A10000000000000000000022 /* LocalDocumentStoreError.swift in Sources */ = {isa = PBXBuildFile; fileRef = B10000000000000000000026 /* LocalDocumentStoreError.swift */; };
		A10000000000000000000023 /* POSIXAtomicFileWriter.swift in Sources */ = {isa = PBXBuildFile; fileRef = B10000000000000000000027 /* POSIXAtomicFileWriter.swift */; };
		A10000000000000000000024 /* LocalDocumentStore.swift in Sources */ = {isa = PBXBuildFile; fileRef = B10000000000000000000028 /* LocalDocumentStore.swift */; };
		A10000000000000000000025 /* LocalDocumentStoreRecovery.swift in Sources */ = {isa = PBXBuildFile; fileRef = B10000000000000000000029 /* LocalDocumentStoreRecovery.swift */; };
		A10000000000000000000026 /* RepositoryProjectWorkspaceLocator.swift in Sources */ = {isa = PBXBuildFile; fileRef = B1000000000000000000002A /* RepositoryProjectWorkspaceLocator.swift */; };
		A10000000000000000000027 /* LocalDocumentStoreTestSupport.swift in Sources */ = {isa = PBXBuildFile; fileRef = B1000000000000000000002B /* LocalDocumentStoreTestSupport.swift */; };
		A10000000000000000000028 /* LocalDocumentStoreTests.swift in Sources */ = {isa = PBXBuildFile; fileRef = B1000000000000000000002C /* LocalDocumentStoreTests.swift */; };
		A10000000000000000000029 /* LocalDocumentStoreRecoveryTests.swift in Sources */ = {isa = PBXBuildFile; fileRef = B1000000000000000000002D /* LocalDocumentStoreRecoveryTests.swift */; };
		A1000000000000000000002A /* ManagedProject.swift in Sources */ = {isa = PBXBuildFile; fileRef = B1000000000000000000002E /* ManagedProject.swift */; };
		A1000000000000000000002B /* ProjectManaging.swift in Sources */ = {isa = PBXBuildFile; fileRef = B1000000000000000000002F /* ProjectManaging.swift */; };
		A1000000000000000000002C /* LocalProjectManager.swift in Sources */ = {isa = PBXBuildFile; fileRef = B10000000000000000000030 /* LocalProjectManager.swift */; };
		A1000000000000000000002D /* ProjectListModel.swift in Sources */ = {isa = PBXBuildFile; fileRef = B10000000000000000000031 /* ProjectListModel.swift */; };
		A1000000000000000000002E /* LocalProjectManagerTests.swift in Sources */ = {isa = PBXBuildFile; fileRef = B10000000000000000000032 /* LocalProjectManagerTests.swift */; };
		A1000000000000000000002F /* ImportModels.swift in Sources */ = {isa = PBXBuildFile; fileRef = B10000000000000000000033 /* ImportModels.swift */; };
		A10000000000000000000030 /* ProjectImporting.swift in Sources */ = {isa = PBXBuildFile; fileRef = B10000000000000000000034 /* ProjectImporting.swift */; };
		A10000000000000000000031 /* SwiftDataImportRepository.swift in Sources */ = {isa = PBXBuildFile; fileRef = B10000000000000000000035 /* SwiftDataImportRepository.swift */; };
		A10000000000000000000032 /* WindowsProjectImporter.swift in Sources */ = {isa = PBXBuildFile; fileRef = B10000000000000000000036 /* WindowsProjectImporter.swift */; };
		A10000000000000000000033 /* WindowsProjectImporterTests.swift in Sources */ = {isa = PBXBuildFile; fileRef = B10000000000000000000037 /* WindowsProjectImporterTests.swift */; };
		A10000000000000000000034 /* BinderModels.swift in Sources */ = {isa = PBXBuildFile; fileRef = B10000000000000000000038 /* BinderModels.swift */; };
		A10000000000000000000035 /* BinderRepository.swift in Sources */ = {isa = PBXBuildFile; fileRef = B10000000000000000000039 /* BinderRepository.swift */; };
		A10000000000000000000036 /* LocalBinderDirectoryScanner.swift in Sources */ = {isa = PBXBuildFile; fileRef = B1000000000000000000003A /* LocalBinderDirectoryScanner.swift */; };
		A10000000000000000000037 /* SwiftDataBinderRepository.swift in Sources */ = {isa = PBXBuildFile; fileRef = B1000000000000000000003B /* SwiftDataBinderRepository.swift */; };
		A10000000000000000000038 /* LocalBinderRepository.swift in Sources */ = {isa = PBXBuildFile; fileRef = B1000000000000000000003C /* LocalBinderRepository.swift */; };
		A10000000000000000000039 /* BinderViewModel.swift in Sources */ = {isa = PBXBuildFile; fileRef = B1000000000000000000003D /* BinderViewModel.swift */; };
		A1000000000000000000003A /* BinderPanel.swift in Sources */ = {isa = PBXBuildFile; fileRef = B1000000000000000000003E /* BinderPanel.swift */; };
		A1000000000000000000003B /* LocalBinderRepositoryTests.swift in Sources */ = {isa = PBXBuildFile; fileRef = B1000000000000000000003F /* LocalBinderRepositoryTests.swift */; };
		A1000000000000000000003C /* BinderRuleService.swift in Sources */ = {isa = PBXBuildFile; fileRef = B10000000000000000000040 /* BinderRuleService.swift */; };
		A1000000000000000000003D /* BinderRuleServiceTests.swift in Sources */ = {isa = PBXBuildFile; fileRef = B10000000000000000000041 /* BinderRuleServiceTests.swift */; };
		A1000000000000000000003E /* BinderCommandModels.swift in Sources */ = {isa = PBXBuildFile; fileRef = B10000000000000000000042 /* BinderCommandModels.swift */; };
		A1000000000000000000003F /* LocalBinderCommandService.swift in Sources */ = {isa = PBXBuildFile; fileRef = B10000000000000000000043 /* LocalBinderCommandService.swift */; };
		A10000000000000000000040 /* LocalBinderCommandServiceSupport.swift in Sources */ = {isa = PBXBuildFile; fileRef = B10000000000000000000044 /* LocalBinderCommandServiceSupport.swift */; };
		A10000000000000000000041 /* LocalBinderCommandServiceTests.swift in Sources */ = {isa = PBXBuildFile; fileRef = B10000000000000000000045 /* LocalBinderCommandServiceTests.swift */; };
		A10000000000000000000042 /* WriterPadShellUITests.swift in Sources */ = {isa = PBXBuildFile; fileRef = B10000000000000000000046 /* WriterPadShellUITests.swift */; };
		A10000000000000000000043 /* TextRuleEngine.swift in Sources */ = {isa = PBXBuildFile; fileRef = B10000000000000000000048 /* TextRuleEngine.swift */; };
		A10000000000000000000044 /* AppearanceSettingsView.swift in Sources */ = {isa = PBXBuildFile; fileRef = B10000000000000000000049 /* AppearanceSettingsView.swift */; };
		A10000000000000000000045 /* LocalBackupStore.swift in Sources */ = {isa = PBXBuildFile; fileRef = B1000000000000000000004D /* LocalBackupStore.swift */; };
		A10000000000000000000046 /* LocalBackupStoreTests.swift in Sources */ = {isa = PBXBuildFile; fileRef = B1000000000000000000004E /* LocalBackupStoreTests.swift */; };
		A10000000000000000000047 /* BackupHistoryView.swift in Sources */ = {isa = PBXBuildFile; fileRef = B1000000000000000000004F /* BackupHistoryView.swift */; };
		A10000000000000000000048 /* TrashManagementView.swift in Sources */ = {isa = PBXBuildFile; fileRef = B10000000000000000000050 /* TrashManagementView.swift */; };
		A1000000000000000000004D /* BinderHierarchyPolicy.swift in Sources */ = {isa = PBXBuildFile; fileRef = B10000000000000000000051 /* BinderHierarchyPolicy.swift */; };
		A1000000000000000000004E /* LocalProjectSearchService.swift in Sources */ = {isa = PBXBuildFile; fileRef = B10000000000000000000052 /* LocalProjectSearchService.swift */; };
		A1000000000000000000004F /* ProjectSearchServiceTests.swift in Sources */ = {isa = PBXBuildFile; fileRef = B10000000000000000000053 /* ProjectSearchServiceTests.swift */; };
		A10000000000000000000050 /* LocalManuscriptExporter.swift in Sources */ = {isa = PBXBuildFile; fileRef = B10000000000000000000054 /* LocalManuscriptExporter.swift */; };
		A10000000000000000000051 /* LocalManuscriptExporterTests.swift in Sources */ = {isa = PBXBuildFile; fileRef = B10000000000000000000055 /* LocalManuscriptExporterTests.swift */; };
		A10000000000000000000052 /* ManuscriptExportView.swift in Sources */ = {isa = PBXBuildFile; fileRef = B10000000000000000000056 /* ManuscriptExportView.swift */; };
		A10000000000000000000053 /* DeletedProjectsView.swift in Sources */ = {isa = PBXBuildFile; fileRef = B10000000000000000000057 /* DeletedProjectsView.swift */; };
		A10000000000000000000054 /* ManuscriptExportSupport.swift in Sources */ = {isa = PBXBuildFile; fileRef = B10000000000000000000058 /* ManuscriptExportSupport.swift */; };
		A10000000000000000000055 /* WorkspaceStorageCoordinator.swift in Sources */ = {isa = PBXBuildFile; fileRef = B10000000000000000000059 /* WorkspaceStorageCoordinator.swift */; };
		A10000000000000000000056 /* WriterPadTheme.swift in Sources */ = {isa = PBXBuildFile; fileRef = B1000000000000000000005A /* WriterPadTheme.swift */; };
		A10000000000000000000057 /* ProjectWorkspaceView.swift in Sources */ = {isa = PBXBuildFile; fileRef = B1000000000000000000005B /* ProjectWorkspaceView.swift */; };
		A10000000000000000000058 /* NewProjectAlertPresenter.swift in Sources */ = {isa = PBXBuildFile; fileRef = B1000000000000000000005C /* NewProjectAlertPresenter.swift */; };
		A10000000000000000000059 /* WorkspaceLayoutSupport.swift in Sources */ = {isa = PBXBuildFile; fileRef = B1000000000000000000005D /* WorkspaceLayoutSupport.swift */; };
		A1000000000000000000005A /* ImportReportView.swift in Sources */ = {isa = PBXBuildFile; fileRef = B1000000000000000000005E /* ImportReportView.swift */; };
		A1000000000000000000005B /* WritingWorkspaceView.swift in Sources */ = {isa = PBXBuildFile; fileRef = B1000000000000000000005F /* WritingWorkspaceView.swift */; };
		A1000000000000000000005C /* DocumentSearchTextField.swift in Sources */ = {isa = PBXBuildFile; fileRef = B10000000000000000000060 /* DocumentSearchTextField.swift */; };
		A1000000000000000000005D /* EditorSessionModel.swift in Sources */ = {isa = PBXBuildFile; fileRef = B10000000000000000000061 /* EditorSessionModel.swift */; };
		A1000000000000000000005E /* LocalPerformanceBaselineTests.swift in Sources */ = {isa = PBXBuildFile; fileRef = B10000000000000000000062 /* LocalPerformanceBaselineTests.swift */; };
		A1000000000000000000004A /* malgun.ttf in Resources */ = {isa = PBXBuildFile; fileRef = B1000000000000000000004A /* malgun.ttf */; };
		A1000000000000000000004B /* malgunbd.ttf in Resources */ = {isa = PBXBuildFile; fileRef = B1000000000000000000004B /* malgunbd.ttf */; };
		A1000000000000000000004C /* malgunsl.ttf in Resources */ = {isa = PBXBuildFile; fileRef = B1000000000000000000004C /* malgunsl.ttf */; };
		A90000000000000000000001 /* SupabaseConfiguration.swift in Sources */ = {isa = PBXBuildFile; fileRef = B90000000000000000000001 /* SupabaseConfiguration.swift */; };
		A90000000000000000000002 /* SupabaseClientProvider.swift in Sources */ = {isa = PBXBuildFile; fileRef = B90000000000000000000002 /* SupabaseClientProvider.swift */; };
		A90000000000000000000003 /* SupabaseConfigurationTests.swift in Sources */ = {isa = PBXBuildFile; fileRef = B90000000000000000000003 /* SupabaseConfigurationTests.swift */; };
		A90000000000000000000004 /* Supabase in Frameworks */ = {isa = PBXBuildFile; productRef = E90000000000000000000002 /* Supabase */; };
		A90000000000000000000005 /* KeychainSessionStore.swift in Sources */ = {isa = PBXBuildFile; fileRef = B90000000000000000000009 /* KeychainSessionStore.swift */; };
		A90000000000000000000006 /* SupabaseAuthService.swift in Sources */ = {isa = PBXBuildFile; fileRef = B9000000000000000000000A /* SupabaseAuthService.swift */; };
		A90000000000000000000007 /* SupabaseAuthServiceTests.swift in Sources */ = {isa = PBXBuildFile; fileRef = B9000000000000000000000B /* SupabaseAuthServiceTests.swift */; };
		A90000000000000000000008 /* DeviceIdentityService.swift in Sources */ = {isa = PBXBuildFile; fileRef = B9000000000000000000000C /* DeviceIdentityService.swift */; };
		A90000000000000000000009 /* DeviceIdentityServiceTests.swift in Sources */ = {isa = PBXBuildFile; fileRef = B9000000000000000000000D /* DeviceIdentityServiceTests.swift */; };
		A9000000000000000000000A /* SupabaseProjectBindingService.swift in Sources */ = {isa = PBXBuildFile; fileRef = B9000000000000000000000E /* SupabaseProjectBindingService.swift */; };
		A9000000000000000000000B /* SupabaseProjectBindingServiceTests.swift in Sources */ = {isa = PBXBuildFile; fileRef = B9000000000000000000000F /* SupabaseProjectBindingServiceTests.swift */; };
		A9000000000000000000000C /* SyncV2Store.swift in Sources */ = {isa = PBXBuildFile; fileRef = B90000000000000000000010 /* SyncV2Store.swift */; };
		A9000000000000000000000D /* SyncV2StoreTests.swift in Sources */ = {isa = PBXBuildFile; fileRef = B90000000000000000000011 /* SyncV2StoreTests.swift */; };
		A96000000000000000000001 /* SyncV2Contract.swift in Sources */ = {isa = PBXBuildFile; fileRef = B96000000000000000000001 /* SyncV2Contract.swift */; };
		A96000000000000000000002 /* SyncV2ContractTests.swift in Sources */ = {isa = PBXBuildFile; fileRef = B96000000000000000000002 /* SyncV2ContractTests.swift */; };
		A96000000000000000000003 /* SyncV2TransitionVector.swift in Sources */ = {isa = PBXBuildFile; fileRef = B96000000000000000000003 /* SyncV2TransitionVector.swift */; };
		A96000000000000000000004 /* SyncV2VectorHarness.swift in Sources */ = {isa = PBXBuildFile; fileRef = B96000000000000000000004 /* SyncV2VectorHarness.swift */; };
		A96000000000000000000005 /* SyncV2TransitionVectorTests.swift in Sources */ = {isa = PBXBuildFile; fileRef = B96000000000000000000005 /* SyncV2TransitionVectorTests.swift */; };
		A90000000000000000000031 /* SyncV2FolderIdentityTests.swift in Sources */ = {isa = PBXBuildFile; fileRef = B90000000000000000000031 /* SyncV2FolderIdentityTests.swift */; };
		A90000000000000000000032 /* SyncV2FolderMigrationTests.swift in Sources */ = {isa = PBXBuildFile; fileRef = B90000000000000000000032 /* SyncV2FolderMigrationTests.swift */; };
		A90000000000000000000033 /* SyncV2RemoteFolderPlannerTests.swift in Sources */ = {isa = PBXBuildFile; fileRef = B90000000000000000000033 /* SyncV2RemoteFolderPlannerTests.swift */; };
		A90000000000000000000034 /* SyncV2RemoteFolderApplierTests.swift in Sources */ = {isa = PBXBuildFile; fileRef = B90000000000000000000034 /* SyncV2RemoteFolderApplierTests.swift */; };
		A90000000000000000000035 /* SyncV2FolderEndToEndTests.swift in Sources */ = {isa = PBXBuildFile; fileRef = B90000000000000000000035 /* SyncV2FolderEndToEndTests.swift */; };
		A90000000000000000000036 /* LocalBinderFolderSyncTests.swift in Sources */ = {isa = PBXBuildFile; fileRef = B90000000000000000000036 /* LocalBinderFolderSyncTests.swift */; };
		A9000000000000000000000E /* SyncV2StoreSchemaV1.sql in Resources */ = {isa = PBXBuildFile; fileRef = B90000000000000000000012 /* SyncV2StoreSchemaV1.sql */; };
		A90000000000000000000041 /* SyncV2StoreSchemaV2.sql in Resources */ = {isa = PBXBuildFile; fileRef = B90000000000000000000041 /* SyncV2StoreSchemaV2.sql */; };
		A90000000000000000000042 /* SyncV2StoreSchemaV3.sql in Resources */ = {isa = PBXBuildFile; fileRef = B90000000000000000000042 /* SyncV2StoreSchemaV3.sql */; };
		A90000000000000000000043 /* SyncV2StoreSchemaV4.sql in Resources */ = {isa = PBXBuildFile; fileRef = B90000000000000000000043 /* SyncV2StoreSchemaV4.sql */; };
		A9000000000000000000000F /* SyncV2Client.swift in Sources */ = {isa = PBXBuildFile; fileRef = B90000000000000000000013 /* SyncV2Client.swift */; };
		A90000000000000000000010 /* SyncV2ClientTests.swift in Sources */ = {isa = PBXBuildFile; fileRef = B90000000000000000000014 /* SyncV2ClientTests.swift */; };
		A90000000000000000000011 /* SyncV2Dispatcher.swift in Sources */ = {isa = PBXBuildFile; fileRef = B90000000000000000000015 /* SyncV2Dispatcher.swift */; };
		A90000000000000000000012 /* SyncSettingsView.swift in Sources */ = {isa = PBXBuildFile; fileRef = B90000000000000000000016 /* SyncSettingsView.swift */; };
		A90000000000000000000014 /* EditLeaseManager.swift in Sources */ = {isa = PBXBuildFile; fileRef = B90000000000000000000018 /* EditLeaseManager.swift */; };
		A90000000000000000000013 /* SyncSettingsModelTests.swift in Sources */ = {isa = PBXBuildFile; fileRef = B90000000000000000000017 /* SyncSettingsModelTests.swift */; };
		A90000000000000000000015 /* SyncV2SnapshotPull.swift in Sources */ = {isa = PBXBuildFile; fileRef = B90000000000000000000019 /* SyncV2SnapshotPull.swift */; };
		A90000000000000000000016 /* SyncV2SnapshotPullTests.swift in Sources */ = {isa = PBXBuildFile; fileRef = B9000000000000000000001A /* SyncV2SnapshotPullTests.swift */; };
		A93000000000000000000001 /* SyncV2Diagnostics.swift in Sources */ = {isa = PBXBuildFile; fileRef = B93000000000000000000001 /* SyncV2Diagnostics.swift */; };
		A94000000000000000000001 /* SyncV2SnapshotTransport.swift in Sources */ = {isa = PBXBuildFile; fileRef = B94000000000000000000001 /* SyncV2SnapshotTransport.swift */; };
		A94000000000000000000002 /* SyncV2SnapshotModels.swift in Sources */ = {isa = PBXBuildFile; fileRef = B94000000000000000000002 /* SyncV2SnapshotModels.swift */; };
		A94000000000000000000003 /* SyncV2SnapshotPullService.swift in Sources */ = {isa = PBXBuildFile; fileRef = B94000000000000000000003 /* SyncV2SnapshotPullService.swift */; };
		A94000000000000000000004 /* SyncV2RealtimeTrigger.swift in Sources */ = {isa = PBXBuildFile; fileRef = B94000000000000000000004 /* SyncV2RealtimeTrigger.swift */; };
		A94000000000000000000007 /* SyncV2LocalSnapshotApply.swift in Sources */ = {isa = PBXBuildFile; fileRef = B94000000000000000000007 /* SyncV2LocalSnapshotApply.swift */; };
		A94000000000000000000021 /* SyncV2FolderIdentity.swift in Sources */ = {isa = PBXBuildFile; fileRef = B94000000000000000000021 /* SyncV2FolderIdentity.swift */; };
		A94000000000000000000022 /* SyncV2FolderMigration.swift in Sources */ = {isa = PBXBuildFile; fileRef = B94000000000000000000022 /* SyncV2FolderMigration.swift */; };
		A94000000000000000000023 /* SyncV2RemoteFolderPlanner.swift in Sources */ = {isa = PBXBuildFile; fileRef = B94000000000000000000023 /* SyncV2RemoteFolderPlanner.swift */; };
		A94000000000000000000024 /* SyncV2RemoteFolderApplier.swift in Sources */ = {isa = PBXBuildFile; fileRef = B94000000000000000000024 /* SyncV2RemoteFolderApplier.swift */; };
		A94000000000000000000008 /* WorkspaceSyncStatusPresentation.swift in Sources */ = {isa = PBXBuildFile; fileRef = B94000000000000000000008 /* WorkspaceSyncStatusPresentation.swift */; };
		A95000000000000000000001 /* SyncV2Timing.swift in Sources */ = {isa = PBXBuildFile; fileRef = B95000000000000000000001 /* SyncV2Timing.swift */; };
		A92000000000000000000001 /* ThreeWayMerge.swift in Sources */ = {isa = PBXBuildFile; fileRef = B92000000000000000000001 /* ThreeWayMerge.swift */; };
		A92000000000000000000002 /* ThreeWayMergeTests.swift in Sources */ = {isa = PBXBuildFile; fileRef = B92000000000000000000002 /* ThreeWayMergeTests.swift */; };
		A92000000000000000000003 /* three_way_merge_cases.json in Resources */ = {isa = PBXBuildFile; fileRef = B92000000000000000000003 /* three_way_merge_cases.json */; };
/* End PBXBuildFile section */

/* Begin PBXContainerItemProxy section */
		C10000000000000000000001 /* PBXContainerItemProxy */ = {
			isa = PBXContainerItemProxy;
			containerPortal = D10000000000000000000001 /* Project object */;
			proxyType = 1;
			remoteGlobalIDString = E10000000000000000000001;
			remoteInfo = WriterPad;
		};
		C10000000000000000000002 /* PBXContainerItemProxy */ = {
			isa = PBXContainerItemProxy;
			containerPortal = D10000000000000000000001 /* Project object */;
			proxyType = 1;
			remoteGlobalIDString = E10000000000000000000001;
			remoteInfo = WriterPad;
		};
/* End PBXContainerItemProxy section */

/* Begin PBXFileReference section */
		B10000000000000000000001 /* WriterPadApp.swift */ = {isa = PBXFileReference; lastKnownFileType = sourcecode.swift; path = WriterPadApp.swift; sourceTree = "<group>"; };
		B10000000000000000000002 /* AppEnvironment.swift */ = {isa = PBXFileReference; lastKnownFileType = sourcecode.swift; path = AppEnvironment.swift; sourceTree = "<group>"; };
		B10000000000000000000003 /* BootstrapRecord.swift */ = {isa = PBXFileReference; lastKnownFileType = sourcecode.swift; path = BootstrapRecord.swift; sourceTree = "<group>"; };
		B10000000000000000000004 /* AppClock.swift */ = {isa = PBXFileReference; lastKnownFileType = sourcecode.swift; path = AppClock.swift; sourceTree = "<group>"; };
		B10000000000000000000005 /* FutureChangeNotifying.swift */ = {isa = PBXFileReference; lastKnownFileType = sourcecode.swift; path = FutureChangeNotifying.swift; sourceTree = "<group>"; };
		B10000000000000000000006 /* NoOpFutureChangeNotifier.swift */ = {isa = PBXFileReference; lastKnownFileType = sourcecode.swift; path = NoOpFutureChangeNotifier.swift; sourceTree = "<group>"; };
		B10000000000000000000007 /* RootView.swift */ = {isa = PBXFileReference; lastKnownFileType = sourcecode.swift; path = RootView.swift; sourceTree = "<group>"; };
		B10000000000000000000008 /* UIKitTextViewBridge.swift */ = {isa = PBXFileReference; lastKnownFileType = sourcecode.swift; path = UIKitTextViewBridge.swift; sourceTree = "<group>"; };
		B10000000000000000000009 /* Assets.xcassets */ = {isa = PBXFileReference; lastKnownFileType = folder.assetcatalog; path = Assets.xcassets; sourceTree = "<group>"; };
		B1000000000000000000000A /* AppEnvironmentTests.swift */ = {isa = PBXFileReference; lastKnownFileType = sourcecode.swift; path = AppEnvironmentTests.swift; sourceTree = "<group>"; };
		B1000000000000000000000B /* WriterPad.app */ = {isa = PBXFileReference; explicitFileType = wrapper.application; includeInIndex = 0; path = WriterPad.app; sourceTree = BUILT_PRODUCTS_DIR; };
		B1000000000000000000000C /* WriterPadTests.xctest */ = {isa = PBXFileReference; explicitFileType = wrapper.cfbundle; includeInIndex = 0; path = WriterPadTests.xctest; sourceTree = BUILT_PRODUCTS_DIR; };
		B1000000000000000000000D /* Local.xcconfig.example */ = {isa = PBXFileReference; lastKnownFileType = text.xcconfig; path = Local.xcconfig.example; sourceTree = "<group>"; };
		B1000000000000000000000E /* README.md */ = {isa = PBXFileReference; lastKnownFileType = net.daringfireball.markdown; path = README.md; sourceTree = "<group>"; };
		B1000000000000000000000F /* Identifiers.swift */ = {isa = PBXFileReference; lastKnownFileType = sourcecode.swift; path = Identifiers.swift; sourceTree = "<group>"; };
		B10000000000000000000010 /* Project.swift */ = {isa = PBXFileReference; lastKnownFileType = sourcecode.swift; path = Project.swift; sourceTree = "<group>"; };
		B10000000000000000000011 /* DocumentNode.swift */ = {isa = PBXFileReference; lastKnownFileType = sourcecode.swift; path = DocumentNode.swift; sourceTree = "<group>"; };
		B10000000000000000000012 /* BackupSnapshot.swift */ = {isa = PBXFileReference; lastKnownFileType = sourcecode.swift; path = BackupSnapshot.swift; sourceTree = "<group>"; };
		B10000000000000000000013 /* EditorAndSaveState.swift */ = {isa = PBXFileReference; lastKnownFileType = sourcecode.swift; path = EditorAndSaveState.swift; sourceTree = "<group>"; };
		B10000000000000000000014 /* StorageOperations.swift */ = {isa = PBXFileReference; lastKnownFileType = sourcecode.swift; path = StorageOperations.swift; sourceTree = "<group>"; };
		B10000000000000000000015 /* StorageProtocols.swift */ = {isa = PBXFileReference; lastKnownFileType = sourcecode.swift; path = StorageProtocols.swift; sourceTree = "<group>"; };
		B10000000000000000000016 /* UtilityProtocols.swift */ = {isa = PBXFileReference; lastKnownFileType = sourcecode.swift; path = UtilityProtocols.swift; sourceTree = "<group>"; };
		B10000000000000000000017 /* SaveStateMachine.swift */ = {isa = PBXFileReference; lastKnownFileType = sourcecode.swift; path = SaveStateMachine.swift; sourceTree = "<group>"; };
		B10000000000000000000018 /* DomainModelTests.swift */ = {isa = PBXFileReference; lastKnownFileType = sourcecode.swift; path = DomainModelTests.swift; sourceTree = "<group>"; };
		B10000000000000000000019 /* SaveStateMachineTests.swift */ = {isa = PBXFileReference; lastKnownFileType = sourcecode.swift; path = SaveStateMachineTests.swift; sourceTree = "<group>"; };
		B1000000000000000000001A /* WriterPadMetadataSchema.swift */ = {isa = PBXFileReference; lastKnownFileType = sourcecode.swift; path = WriterPadMetadataSchema.swift; sourceTree = "<group>"; };
		B1000000000000000000001B /* MetadataRepositoryError.swift */ = {isa = PBXFileReference; lastKnownFileType = sourcecode.swift; path = MetadataRepositoryError.swift; sourceTree = "<group>"; };
		B1000000000000000000001C /* SwiftDataMetadataRepository.swift */ = {isa = PBXFileReference; lastKnownFileType = sourcecode.swift; path = SwiftDataMetadataRepository.swift; sourceTree = "<group>"; };
		B1000000000000000000001D /* SwiftDataProjectRepository.swift */ = {isa = PBXFileReference; lastKnownFileType = sourcecode.swift; path = SwiftDataProjectRepository.swift; sourceTree = "<group>"; };
		B1000000000000000000001E /* SwiftDataDocumentRepository.swift */ = {isa = PBXFileReference; lastKnownFileType = sourcecode.swift; path = SwiftDataDocumentRepository.swift; sourceTree = "<group>"; };
		B1000000000000000000001F /* SwiftDataWorkspaceRepository.swift */ = {isa = PBXFileReference; lastKnownFileType = sourcecode.swift; path = SwiftDataWorkspaceRepository.swift; sourceTree = "<group>"; };
		B10000000000000000000020 /* SwiftDataMetadataRepositoryTests.swift */ = {isa = PBXFileReference; lastKnownFileType = sourcecode.swift; path = SwiftDataMetadataRepositoryTests.swift; sourceTree = "<group>"; };
		B10000000000000000000021 /* PathPolicy.swift */ = {isa = PBXFileReference; lastKnownFileType = sourcecode.swift; path = PathPolicy.swift; sourceTree = "<group>"; };
		B10000000000000000000022 /* ProjectPathResolver.swift */ = {isa = PBXFileReference; lastKnownFileType = sourcecode.swift; path = ProjectPathResolver.swift; sourceTree = "<group>"; };
		B10000000000000000000023 /* PathPolicyTests.swift */ = {isa = PBXFileReference; lastKnownFileType = sourcecode.swift; path = PathPolicyTests.swift; sourceTree = "<group>"; };
		B10000000000000000000024 /* ProjectPathResolverTests.swift */ = {isa = PBXFileReference; lastKnownFileType = sourcecode.swift; path = ProjectPathResolverTests.swift; sourceTree = "<group>"; };
		B10000000000000000000025 /* SHA256ContentHasher.swift */ = {isa = PBXFileReference; lastKnownFileType = sourcecode.swift; path = SHA256ContentHasher.swift; sourceTree = "<group>"; };
		B10000000000000000000026 /* LocalDocumentStoreError.swift */ = {isa = PBXFileReference; lastKnownFileType = sourcecode.swift; path = LocalDocumentStoreError.swift; sourceTree = "<group>"; };
		B10000000000000000000027 /* POSIXAtomicFileWriter.swift */ = {isa = PBXFileReference; lastKnownFileType = sourcecode.swift; path = POSIXAtomicFileWriter.swift; sourceTree = "<group>"; };
		B10000000000000000000028 /* LocalDocumentStore.swift */ = {isa = PBXFileReference; lastKnownFileType = sourcecode.swift; path = LocalDocumentStore.swift; sourceTree = "<group>"; };
		B10000000000000000000029 /* LocalDocumentStoreRecovery.swift */ = {isa = PBXFileReference; lastKnownFileType = sourcecode.swift; path = LocalDocumentStoreRecovery.swift; sourceTree = "<group>"; };
		B1000000000000000000002A /* RepositoryProjectWorkspaceLocator.swift */ = {isa = PBXFileReference; lastKnownFileType = sourcecode.swift; path = RepositoryProjectWorkspaceLocator.swift; sourceTree = "<group>"; };
		B1000000000000000000002B /* LocalDocumentStoreTestSupport.swift */ = {isa = PBXFileReference; lastKnownFileType = sourcecode.swift; path = LocalDocumentStoreTestSupport.swift; sourceTree = "<group>"; };
		B1000000000000000000002C /* LocalDocumentStoreTests.swift */ = {isa = PBXFileReference; lastKnownFileType = sourcecode.swift; path = LocalDocumentStoreTests.swift; sourceTree = "<group>"; };
		B1000000000000000000002D /* LocalDocumentStoreRecoveryTests.swift */ = {isa = PBXFileReference; lastKnownFileType = sourcecode.swift; path = LocalDocumentStoreRecoveryTests.swift; sourceTree = "<group>"; };
		B1000000000000000000002E /* ManagedProject.swift */ = {isa = PBXFileReference; lastKnownFileType = sourcecode.swift; path = ManagedProject.swift; sourceTree = "<group>"; };
		B1000000000000000000002F /* ProjectManaging.swift */ = {isa = PBXFileReference; lastKnownFileType = sourcecode.swift; path = ProjectManaging.swift; sourceTree = "<group>"; };
		B10000000000000000000030 /* LocalProjectManager.swift */ = {isa = PBXFileReference; lastKnownFileType = sourcecode.swift; path = LocalProjectManager.swift; sourceTree = "<group>"; };
		B10000000000000000000031 /* ProjectListModel.swift */ = {isa = PBXFileReference; lastKnownFileType = sourcecode.swift; path = ProjectListModel.swift; sourceTree = "<group>"; };
		B10000000000000000000032 /* LocalProjectManagerTests.swift */ = {isa = PBXFileReference; lastKnownFileType = sourcecode.swift; path = LocalProjectManagerTests.swift; sourceTree = "<group>"; };
		B10000000000000000000033 /* ImportModels.swift */ = {isa = PBXFileReference; lastKnownFileType = sourcecode.swift; path = ImportModels.swift; sourceTree = "<group>"; };
		B10000000000000000000034 /* ProjectImporting.swift */ = {isa = PBXFileReference; lastKnownFileType = sourcecode.swift; path = ProjectImporting.swift; sourceTree = "<group>"; };
		B10000000000000000000035 /* SwiftDataImportRepository.swift */ = {isa = PBXFileReference; lastKnownFileType = sourcecode.swift; path = SwiftDataImportRepository.swift; sourceTree = "<group>"; };
		B10000000000000000000036 /* WindowsProjectImporter.swift */ = {isa = PBXFileReference; lastKnownFileType = sourcecode.swift; path = WindowsProjectImporter.swift; sourceTree = "<group>"; };
		B10000000000000000000037 /* WindowsProjectImporterTests.swift */ = {isa = PBXFileReference; lastKnownFileType = sourcecode.swift; path = WindowsProjectImporterTests.swift; sourceTree = "<group>"; };
		B10000000000000000000038 /* BinderModels.swift */ = {isa = PBXFileReference; lastKnownFileType = sourcecode.swift; path = BinderModels.swift; sourceTree = "<group>"; };
		B10000000000000000000039 /* BinderRepository.swift */ = {isa = PBXFileReference; lastKnownFileType = sourcecode.swift; path = BinderRepository.swift; sourceTree = "<group>"; };
		B1000000000000000000003A /* LocalBinderDirectoryScanner.swift */ = {isa = PBXFileReference; lastKnownFileType = sourcecode.swift; path = LocalBinderDirectoryScanner.swift; sourceTree = "<group>"; };
		B1000000000000000000003B /* SwiftDataBinderRepository.swift */ = {isa = PBXFileReference; lastKnownFileType = sourcecode.swift; path = SwiftDataBinderRepository.swift; sourceTree = "<group>"; };
		B1000000000000000000003C /* LocalBinderRepository.swift */ = {isa = PBXFileReference; lastKnownFileType = sourcecode.swift; path = LocalBinderRepository.swift; sourceTree = "<group>"; };
		B1000000000000000000003D /* BinderViewModel.swift */ = {isa = PBXFileReference; lastKnownFileType = sourcecode.swift; path = BinderViewModel.swift; sourceTree = "<group>"; };
		B1000000000000000000003E /* BinderPanel.swift */ = {isa = PBXFileReference; lastKnownFileType = sourcecode.swift; path = BinderPanel.swift; sourceTree = "<group>"; };
		B1000000000000000000003F /* LocalBinderRepositoryTests.swift */ = {isa = PBXFileReference; lastKnownFileType = sourcecode.swift; path = LocalBinderRepositoryTests.swift; sourceTree = "<group>"; };
		B10000000000000000000040 /* BinderRuleService.swift */ = {isa = PBXFileReference; lastKnownFileType = sourcecode.swift; path = BinderRuleService.swift; sourceTree = "<group>"; };
		B10000000000000000000041 /* BinderRuleServiceTests.swift */ = {isa = PBXFileReference; lastKnownFileType = sourcecode.swift; path = BinderRuleServiceTests.swift; sourceTree = "<group>"; };
		B10000000000000000000042 /* BinderCommandModels.swift */ = {isa = PBXFileReference; lastKnownFileType = sourcecode.swift; path = BinderCommandModels.swift; sourceTree = "<group>"; };
		B10000000000000000000043 /* LocalBinderCommandService.swift */ = {isa = PBXFileReference; lastKnownFileType = sourcecode.swift; path = LocalBinderCommandService.swift; sourceTree = "<group>"; };
		B10000000000000000000044 /* LocalBinderCommandServiceSupport.swift */ = {isa = PBXFileReference; lastKnownFileType = sourcecode.swift; path = LocalBinderCommandServiceSupport.swift; sourceTree = "<group>"; };
		B10000000000000000000045 /* LocalBinderCommandServiceTests.swift */ = {isa = PBXFileReference; lastKnownFileType = sourcecode.swift; path = LocalBinderCommandServiceTests.swift; sourceTree = "<group>"; };
		B10000000000000000000046 /* WriterPadShellUITests.swift */ = {isa = PBXFileReference; lastKnownFileType = sourcecode.swift; path = WriterPadShellUITests.swift; sourceTree = "<group>"; };
		B10000000000000000000047 /* WriterPadUITests.xctest */ = {isa = PBXFileReference; explicitFileType = wrapper.cfbundle; includeInIndex = 0; path = WriterPadUITests.xctest; sourceTree = BUILT_PRODUCTS_DIR; };
		B10000000000000000000048 /* TextRuleEngine.swift */ = {isa = PBXFileReference; lastKnownFileType = sourcecode.swift; path = TextRuleEngine.swift; sourceTree = "<group>"; };
		B10000000000000000000049 /* AppearanceSettingsView.swift */ = {isa = PBXFileReference; lastKnownFileType = sourcecode.swift; path = AppearanceSettingsView.swift; sourceTree = "<group>"; };
		B1000000000000000000004A /* malgun.ttf */ = {isa = PBXFileReference; lastKnownFileType = file; path = malgun.ttf; sourceTree = SOURCE_ROOT; };
		B1000000000000000000004B /* malgunbd.ttf */ = {isa = PBXFileReference; lastKnownFileType = file; path = malgunbd.ttf; sourceTree = SOURCE_ROOT; };
		B1000000000000000000004C /* malgunsl.ttf */ = {isa = PBXFileReference; lastKnownFileType = file; path = malgunsl.ttf; sourceTree = SOURCE_ROOT; };
		B1000000000000000000004D /* LocalBackupStore.swift */ = {isa = PBXFileReference; lastKnownFileType = sourcecode.swift; path = LocalBackupStore.swift; sourceTree = "<group>"; };
		B1000000000000000000004E /* LocalBackupStoreTests.swift */ = {isa = PBXFileReference; lastKnownFileType = sourcecode.swift; path = LocalBackupStoreTests.swift; sourceTree = "<group>"; };
		B1000000000000000000004F /* BackupHistoryView.swift */ = {isa = PBXFileReference; lastKnownFileType = sourcecode.swift; path = ../../Features/Backup/BackupHistoryView.swift; sourceTree = "<group>"; };
		B10000000000000000000050 /* TrashManagementView.swift */ = {isa = PBXFileReference; lastKnownFileType = sourcecode.swift; path = ../../Features/Binder/TrashManagementView.swift; sourceTree = "<group>"; };
		B10000000000000000000051 /* BinderHierarchyPolicy.swift */ = {isa = PBXFileReference; lastKnownFileType = sourcecode.swift; path = BinderHierarchyPolicy.swift; sourceTree = "<group>"; };
		B10000000000000000000052 /* LocalProjectSearchService.swift */ = {isa = PBXFileReference; lastKnownFileType = sourcecode.swift; path = LocalProjectSearchService.swift; sourceTree = "<group>"; };
		B10000000000000000000053 /* ProjectSearchServiceTests.swift */ = {isa = PBXFileReference; lastKnownFileType = sourcecode.swift; path = ProjectSearchServiceTests.swift; sourceTree = "<group>"; };
		B10000000000000000000054 /* LocalManuscriptExporter.swift */ = {isa = PBXFileReference; lastKnownFileType = sourcecode.swift; path = LocalManuscriptExporter.swift; sourceTree = "<group>"; };
		B10000000000000000000055 /* LocalManuscriptExporterTests.swift */ = {isa = PBXFileReference; lastKnownFileType = sourcecode.swift; path = LocalManuscriptExporterTests.swift; sourceTree = "<group>"; };
		B10000000000000000000056 /* ManuscriptExportView.swift */ = {isa = PBXFileReference; lastKnownFileType = sourcecode.swift; path = ManuscriptExportView.swift; sourceTree = "<group>"; };
		B10000000000000000000057 /* DeletedProjectsView.swift */ = {isa = PBXFileReference; lastKnownFileType = sourcecode.swift; path = DeletedProjectsView.swift; sourceTree = "<group>"; };
		B10000000000000000000058 /* ManuscriptExportSupport.swift */ = {isa = PBXFileReference; lastKnownFileType = sourcecode.swift; path = ManuscriptExportSupport.swift; sourceTree = "<group>"; };
		B10000000000000000000059 /* WorkspaceStorageCoordinator.swift */ = {isa = PBXFileReference; lastKnownFileType = sourcecode.swift; path = WorkspaceStorageCoordinator.swift; sourceTree = "<group>"; };
		B1000000000000000000005A /* WriterPadTheme.swift */ = {isa = PBXFileReference; lastKnownFileType = sourcecode.swift; path = WriterPadTheme.swift; sourceTree = "<group>"; };
		B1000000000000000000005B /* ProjectWorkspaceView.swift */ = {isa = PBXFileReference; lastKnownFileType = sourcecode.swift; path = ProjectWorkspaceView.swift; sourceTree = "<group>"; };
		B1000000000000000000005C /* NewProjectAlertPresenter.swift */ = {isa = PBXFileReference; lastKnownFileType = sourcecode.swift; path = NewProjectAlertPresenter.swift; sourceTree = "<group>"; };
		B1000000000000000000005D /* WorkspaceLayoutSupport.swift */ = {isa = PBXFileReference; lastKnownFileType = sourcecode.swift; path = WorkspaceLayoutSupport.swift; sourceTree = "<group>"; };
		B1000000000000000000005E /* ImportReportView.swift */ = {isa = PBXFileReference; lastKnownFileType = sourcecode.swift; path = ImportReportView.swift; sourceTree = "<group>"; };
		B1000000000000000000005F /* WritingWorkspaceView.swift */ = {isa = PBXFileReference; lastKnownFileType = sourcecode.swift; path = WritingWorkspaceView.swift; sourceTree = "<group>"; };
		B10000000000000000000060 /* DocumentSearchTextField.swift */ = {isa = PBXFileReference; lastKnownFileType = sourcecode.swift; path = DocumentSearchTextField.swift; sourceTree = "<group>"; };
		B10000000000000000000061 /* EditorSessionModel.swift */ = {isa = PBXFileReference; lastKnownFileType = sourcecode.swift; path = EditorSessionModel.swift; sourceTree = "<group>"; };
		B10000000000000000000062 /* LocalPerformanceBaselineTests.swift */ = {isa = PBXFileReference; lastKnownFileType = sourcecode.swift; path = LocalPerformanceBaselineTests.swift; sourceTree = "<group>"; };
		B90000000000000000000001 /* SupabaseConfiguration.swift */ = {isa = PBXFileReference; lastKnownFileType = sourcecode.swift; path = SupabaseConfiguration.swift; sourceTree = "<group>"; };
		B90000000000000000000002 /* SupabaseClientProvider.swift */ = {isa = PBXFileReference; lastKnownFileType = sourcecode.swift; path = SupabaseClientProvider.swift; sourceTree = "<group>"; };
		B90000000000000000000003 /* SupabaseConfigurationTests.swift */ = {isa = PBXFileReference; lastKnownFileType = sourcecode.swift; path = SupabaseConfigurationTests.swift; sourceTree = "<group>"; };
		B90000000000000000000004 /* Shared.xcconfig */ = {isa = PBXFileReference; lastKnownFileType = text.xcconfig; path = Shared.xcconfig; sourceTree = "<group>"; };
		B90000000000000000000005 /* Debug.xcconfig */ = {isa = PBXFileReference; lastKnownFileType = text.xcconfig; path = Debug.xcconfig; sourceTree = "<group>"; };
		B90000000000000000000006 /* Test.xcconfig */ = {isa = PBXFileReference; lastKnownFileType = text.xcconfig; path = Test.xcconfig; sourceTree = "<group>"; };
		B90000000000000000000007 /* Release.xcconfig */ = {isa = PBXFileReference; lastKnownFileType = text.xcconfig; path = Release.xcconfig; sourceTree = "<group>"; };
		B90000000000000000000008 /* Supabase.local.xcconfig.example */ = {isa = PBXFileReference; lastKnownFileType = text.xcconfig; path = Supabase.local.xcconfig.example; sourceTree = "<group>"; };
		B90000000000000000000009 /* KeychainSessionStore.swift */ = {isa = PBXFileReference; lastKnownFileType = sourcecode.swift; path = KeychainSessionStore.swift; sourceTree = "<group>"; };
		B9000000000000000000000A /* SupabaseAuthService.swift */ = {isa = PBXFileReference; lastKnownFileType = sourcecode.swift; path = SupabaseAuthService.swift; sourceTree = "<group>"; };
		B9000000000000000000000B /* SupabaseAuthServiceTests.swift */ = {isa = PBXFileReference; lastKnownFileType = sourcecode.swift; path = SupabaseAuthServiceTests.swift; sourceTree = "<group>"; };
		B9000000000000000000000C /* DeviceIdentityService.swift */ = {isa = PBXFileReference; lastKnownFileType = sourcecode.swift; path = DeviceIdentityService.swift; sourceTree = "<group>"; };
		B9000000000000000000000D /* DeviceIdentityServiceTests.swift */ = {isa = PBXFileReference; lastKnownFileType = sourcecode.swift; path = DeviceIdentityServiceTests.swift; sourceTree = "<group>"; };
		B9000000000000000000000E /* SupabaseProjectBindingService.swift */ = {isa = PBXFileReference; lastKnownFileType = sourcecode.swift; path = SupabaseProjectBindingService.swift; sourceTree = "<group>"; };
		B9000000000000000000000F /* SupabaseProjectBindingServiceTests.swift */ = {isa = PBXFileReference; lastKnownFileType = sourcecode.swift; path = SupabaseProjectBindingServiceTests.swift; sourceTree = "<group>"; };
		B90000000000000000000010 /* SyncV2Store.swift */ = {isa = PBXFileReference; lastKnownFileType = sourcecode.swift; path = SyncV2Store.swift; sourceTree = "<group>"; };
		B90000000000000000000011 /* SyncV2StoreTests.swift */ = {isa = PBXFileReference; lastKnownFileType = sourcecode.swift; path = SyncV2StoreTests.swift; sourceTree = "<group>"; };
		B96000000000000000000001 /* SyncV2Contract.swift */ = {isa = PBXFileReference; lastKnownFileType = sourcecode.swift; path = SyncV2Contract.swift; sourceTree = "<group>"; };
		B96000000000000000000002 /* SyncV2ContractTests.swift */ = {isa = PBXFileReference; lastKnownFileType = sourcecode.swift; path = SyncV2ContractTests.swift; sourceTree = "<group>"; };
		B96000000000000000000003 /* SyncV2TransitionVector.swift */ = {isa = PBXFileReference; lastKnownFileType = sourcecode.swift; path = SyncV2TransitionVector.swift; sourceTree = "<group>"; };
		B96000000000000000000004 /* SyncV2VectorHarness.swift */ = {isa = PBXFileReference; lastKnownFileType = sourcecode.swift; path = SyncV2VectorHarness.swift; sourceTree = "<group>"; };
		B96000000000000000000005 /* SyncV2TransitionVectorTests.swift */ = {isa = PBXFileReference; lastKnownFileType = sourcecode.swift; path = SyncV2TransitionVectorTests.swift; sourceTree = "<group>"; };
		B90000000000000000000031 /* SyncV2FolderIdentityTests.swift */ = {isa = PBXFileReference; lastKnownFileType = sourcecode.swift; path = SyncV2FolderIdentityTests.swift; sourceTree = "<group>"; };
		B90000000000000000000032 /* SyncV2FolderMigrationTests.swift */ = {isa = PBXFileReference; lastKnownFileType = sourcecode.swift; path = SyncV2FolderMigrationTests.swift; sourceTree = "<group>"; };
		B90000000000000000000033 /* SyncV2RemoteFolderPlannerTests.swift */ = {isa = PBXFileReference; lastKnownFileType = sourcecode.swift; path = SyncV2RemoteFolderPlannerTests.swift; sourceTree = "<group>"; };
		B90000000000000000000034 /* SyncV2RemoteFolderApplierTests.swift */ = {isa = PBXFileReference; lastKnownFileType = sourcecode.swift; path = SyncV2RemoteFolderApplierTests.swift; sourceTree = "<group>"; };
		B90000000000000000000035 /* SyncV2FolderEndToEndTests.swift */ = {isa = PBXFileReference; lastKnownFileType = sourcecode.swift; path = SyncV2FolderEndToEndTests.swift; sourceTree = "<group>"; };
		B90000000000000000000036 /* LocalBinderFolderSyncTests.swift */ = {isa = PBXFileReference; lastKnownFileType = sourcecode.swift; path = LocalBinderFolderSyncTests.swift; sourceTree = "<group>"; };
		B90000000000000000000012 /* SyncV2StoreSchemaV1.sql */ = {isa = PBXFileReference; lastKnownFileType = text; path = Scripts/fixtures/SyncV2StoreSchemaV1.sql; sourceTree = SOURCE_ROOT; };
		B90000000000000000000041 /* SyncV2StoreSchemaV2.sql */ = {isa = PBXFileReference; lastKnownFileType = text; path = Scripts/fixtures/SyncV2StoreSchemaV2.sql; sourceTree = SOURCE_ROOT; };
		B90000000000000000000042 /* SyncV2StoreSchemaV3.sql */ = {isa = PBXFileReference; lastKnownFileType = text; path = Scripts/fixtures/SyncV2StoreSchemaV3.sql; sourceTree = SOURCE_ROOT; };
		B90000000000000000000043 /* SyncV2StoreSchemaV4.sql */ = {isa = PBXFileReference; lastKnownFileType = text; path = Scripts/fixtures/SyncV2StoreSchemaV4.sql; sourceTree = SOURCE_ROOT; };
		B90000000000000000000013 /* SyncV2Client.swift */ = {isa = PBXFileReference; lastKnownFileType = sourcecode.swift; path = SyncV2Client.swift; sourceTree = "<group>"; };
		B90000000000000000000014 /* SyncV2ClientTests.swift */ = {isa = PBXFileReference; lastKnownFileType = sourcecode.swift; path = SyncV2ClientTests.swift; sourceTree = "<group>"; };
		B90000000000000000000015 /* SyncV2Dispatcher.swift */ = {isa = PBXFileReference; lastKnownFileType = sourcecode.swift; path = SyncV2Dispatcher.swift; sourceTree = "<group>"; };
		B90000000000000000000019 /* SyncV2SnapshotPull.swift */ = {isa = PBXFileReference; lastKnownFileType = sourcecode.swift; path = SyncV2SnapshotPull.swift; sourceTree = "<group>"; };
		B9000000000000000000001A /* SyncV2SnapshotPullTests.swift */ = {isa = PBXFileReference; lastKnownFileType = sourcecode.swift; path = SyncV2SnapshotPullTests.swift; sourceTree = "<group>"; };
		B93000000000000000000001 /* SyncV2Diagnostics.swift */ = {isa = PBXFileReference; lastKnownFileType = sourcecode.swift; path = SyncV2Diagnostics.swift; sourceTree = "<group>"; };
		B94000000000000000000001 /* SyncV2SnapshotTransport.swift */ = {isa = PBXFileReference; lastKnownFileType = sourcecode.swift; path = SyncV2SnapshotTransport.swift; sourceTree = "<group>"; };
		B94000000000000000000002 /* SyncV2SnapshotModels.swift */ = {isa = PBXFileReference; lastKnownFileType = sourcecode.swift; path = SyncV2SnapshotModels.swift; sourceTree = "<group>"; };
		B94000000000000000000003 /* SyncV2SnapshotPullService.swift */ = {isa = PBXFileReference; lastKnownFileType = sourcecode.swift; path = SyncV2SnapshotPullService.swift; sourceTree = "<group>"; };
		B94000000000000000000004 /* SyncV2RealtimeTrigger.swift */ = {isa = PBXFileReference; lastKnownFileType = sourcecode.swift; path = SyncV2RealtimeTrigger.swift; sourceTree = "<group>"; };
		B94000000000000000000007 /* SyncV2LocalSnapshotApply.swift */ = {isa = PBXFileReference; lastKnownFileType = sourcecode.swift; path = SyncV2LocalSnapshotApply.swift; sourceTree = "<group>"; };
		B94000000000000000000021 /* SyncV2FolderIdentity.swift */ = {isa = PBXFileReference; lastKnownFileType = sourcecode.swift; path = SyncV2FolderIdentity.swift; sourceTree = "<group>"; };
		B94000000000000000000022 /* SyncV2FolderMigration.swift */ = {isa = PBXFileReference; lastKnownFileType = sourcecode.swift; path = SyncV2FolderMigration.swift; sourceTree = "<group>"; };
		B94000000000000000000023 /* SyncV2RemoteFolderPlanner.swift */ = {isa = PBXFileReference; lastKnownFileType = sourcecode.swift; path = SyncV2RemoteFolderPlanner.swift; sourceTree = "<group>"; };
		B94000000000000000000024 /* SyncV2RemoteFolderApplier.swift */ = {isa = PBXFileReference; lastKnownFileType = sourcecode.swift; path = SyncV2RemoteFolderApplier.swift; sourceTree = "<group>"; };
		B94000000000000000000008 /* WorkspaceSyncStatusPresentation.swift */ = {isa = PBXFileReference; lastKnownFileType = sourcecode.swift; path = WorkspaceSyncStatusPresentation.swift; sourceTree = "<group>"; };
		B95000000000000000000001 /* SyncV2Timing.swift */ = {isa = PBXFileReference; lastKnownFileType = sourcecode.swift; path = SyncV2Timing.swift; sourceTree = "<group>"; };
		B90000000000000000000016 /* SyncSettingsView.swift */ = {isa = PBXFileReference; lastKnownFileType = sourcecode.swift; path = SyncSettingsView.swift; sourceTree = "<group>"; };
		B90000000000000000000018 /* EditLeaseManager.swift */ = {isa = PBXFileReference; lastKnownFileType = sourcecode.swift; path = EditLeaseManager.swift; sourceTree = "<group>"; };
		B90000000000000000000017 /* SyncSettingsModelTests.swift */ = {isa = PBXFileReference; lastKnownFileType = sourcecode.swift; path = SyncSettingsModelTests.swift; sourceTree = "<group>"; };
		B92000000000000000000001 /* ThreeWayMerge.swift */ = {isa = PBXFileReference; lastKnownFileType = sourcecode.swift; path = ThreeWayMerge.swift; sourceTree = "<group>"; };
		B92000000000000000000002 /* ThreeWayMergeTests.swift */ = {isa = PBXFileReference; lastKnownFileType = sourcecode.swift; path = ThreeWayMergeTests.swift; sourceTree = "<group>"; };
		B92000000000000000000003 /* three_way_merge_cases.json */ = {isa = PBXFileReference; lastKnownFileType = text.json; path = three_way_merge_cases.json; sourceTree = "<group>"; };
/* End PBXFileReference section */

/* Begin PBXFrameworksBuildPhase section */
		F10000000000000000000001 /* Frameworks */ = {
			isa = PBXFrameworksBuildPhase;
			buildActionMask = 2147483647;
			files = (
				A90000000000000000000004 /* Supabase in Frameworks */,
			);
			runOnlyForDeploymentPostprocessing = 0;
		};
		F10000000000000000000002 /* Frameworks */ = {
			isa = PBXFrameworksBuildPhase;
			buildActionMask = 2147483647;
			files = (
			);
			runOnlyForDeploymentPostprocessing = 0;
		};
		F10000000000000000000003 /* Frameworks */ = {
			isa = PBXFrameworksBuildPhase;
			buildActionMask = 2147483647;
			files = (
			);
			runOnlyForDeploymentPostprocessing = 0;
		};
/* End PBXFrameworksBuildPhase section */

/* Begin PBXGroup section */
		G10000000000000000000001 = {
			isa = PBXGroup;
			children = (
				G10000000000000000000002 /* WriterPad */,
				G10000000000000000000011 /* WriterPadTests */,
				G10000000000000000000020 /* WriterPadUITests */,
				G10000000000000000000012 /* Configuration */,
				B90000000000000000000012 /* SyncV2StoreSchemaV1.sql */,
				B90000000000000000000041 /* SyncV2StoreSchemaV2.sql */,
				B90000000000000000000042 /* SyncV2StoreSchemaV3.sql */,
				B90000000000000000000043 /* SyncV2StoreSchemaV4.sql */,
				G10000000000000000000013 /* Products */,
			);
			sourceTree = "<group>";
		};
		G10000000000000000000002 /* WriterPad */ = {
			isa = PBXGroup;
			children = (
				G10000000000000000000003 /* App */,
				G10000000000000000000004 /* Domain */,
				G10000000000000000000007 /* Data */,
				G10000000000000000000008 /* Sync */,
				G10000000000000000000009 /* Features */,
				G1000000000000000000000F /* Platform */,
				G10000000000000000000010 /* Resources */,
			);
			path = WriterPad;
			sourceTree = "<group>";
		};
		G10000000000000000000003 /* App */ = {
			isa = PBXGroup;
			children = (
				B10000000000000000000001 /* WriterPadApp.swift */,
				B10000000000000000000002 /* AppEnvironment.swift */,
			);
			path = App;
			sourceTree = "<group>";
		};
		G10000000000000000000004 /* Domain */ = {
			isa = PBXGroup;
			children = (
				G10000000000000000000005 /* Models */,
				G10000000000000000000006 /* Rules */,
				G10000000000000000000014 /* Protocols */,
			);
			path = Domain;
			sourceTree = "<group>";
		};
		G10000000000000000000005 /* Models */ = {
			isa = PBXGroup;
			children = (
				B1000000000000000000000F /* Identifiers.swift */,
				B10000000000000000000010 /* Project.swift */,
				B1000000000000000000002E /* ManagedProject.swift */,
				B10000000000000000000033 /* ImportModels.swift */,
				B10000000000000000000038 /* BinderModels.swift */,
				B10000000000000000000042 /* BinderCommandModels.swift */,
				B10000000000000000000011 /* DocumentNode.swift */,
				B10000000000000000000012 /* BackupSnapshot.swift */,
				B10000000000000000000013 /* EditorAndSaveState.swift */,
				B10000000000000000000014 /* StorageOperations.swift */,
			);
			path = Models;
			sourceTree = "<group>";
		};
		G10000000000000000000006 /* Rules */ = {
			isa = PBXGroup;
			children = (
				B10000000000000000000017 /* SaveStateMachine.swift */,
				B10000000000000000000021 /* PathPolicy.swift */,
				B10000000000000000000040 /* BinderRuleService.swift */,
				B10000000000000000000051 /* BinderHierarchyPolicy.swift */,
				B10000000000000000000048 /* TextRuleEngine.swift */,
			);
			path = Rules;
			sourceTree = "<group>";
		};
		G10000000000000000000007 /* Data */ = {
			isa = PBXGroup;
			children = (
				G10000000000000000000015 /* Local */,
				G10000000000000000000016 /* Backup */,
				G10000000000000000000017 /* Trash */,
				G10000000000000000000018 /* Migration */,
			);
			path = Data;
			sourceTree = "<group>";
		};
		G10000000000000000000008 /* Sync */ = {
			isa = PBXGroup;
			children = (
				B10000000000000000000006 /* NoOpFutureChangeNotifier.swift */,
				B90000000000000000000001 /* SupabaseConfiguration.swift */,
				B90000000000000000000002 /* SupabaseClientProvider.swift */,
				B90000000000000000000009 /* KeychainSessionStore.swift */,
				B9000000000000000000000A /* SupabaseAuthService.swift */,
				B9000000000000000000000C /* DeviceIdentityService.swift */,
				B9000000000000000000000E /* SupabaseProjectBindingService.swift */,
				B96000000000000000000001 /* SyncV2Contract.swift */,
				B90000000000000000000010 /* SyncV2Store.swift */,
				B90000000000000000000013 /* SyncV2Client.swift */,
				B90000000000000000000015 /* SyncV2Dispatcher.swift */,
				B90000000000000000000019 /* SyncV2SnapshotPull.swift */,
				B95000000000000000000001 /* SyncV2Timing.swift */,
				B94000000000000000000001 /* SyncV2SnapshotTransport.swift */,
				B94000000000000000000002 /* SyncV2SnapshotModels.swift */,
				B94000000000000000000003 /* SyncV2SnapshotPullService.swift */,
				B94000000000000000000004 /* SyncV2RealtimeTrigger.swift */,
				B94000000000000000000007 /* SyncV2LocalSnapshotApply.swift */,
				B94000000000000000000021 /* SyncV2FolderIdentity.swift */,
				B94000000000000000000022 /* SyncV2FolderMigration.swift */,
				B94000000000000000000023 /* SyncV2RemoteFolderPlanner.swift */,
				B94000000000000000000024 /* SyncV2RemoteFolderApplier.swift */,
				B93000000000000000000001 /* SyncV2Diagnostics.swift */,
				B92000000000000000000001 /* ThreeWayMerge.swift */,
				B90000000000000000000018 /* EditLeaseManager.swift */,
			);
			path = Sync;
			sourceTree = "<group>";
		};
		G10000000000000000000009 /* Features */ = {
			isa = PBXGroup;
			children = (
				B1000000000000000000005A /* WriterPadTheme.swift */,
				G10000000000000000000019 /* Projects */,
				G1000000000000000000001A /* Binder */,
				G1000000000000000000001B /* Editor */,
				G1000000000000000000001C /* Backup */,
				G1000000000000000000001D /* Search */,
				G1000000000000000000001E /* Export */,
				G1000000000000000000001F /* Settings */,
			);
			path = Features;
			sourceTree = "<group>";
		};
		G1000000000000000000000F /* Platform */ = {
			isa = PBXGroup;
			children = (
				B10000000000000000000008 /* UIKitTextViewBridge.swift */,
			);
			path = Platform;
			sourceTree = "<group>";
		};
		G10000000000000000000010 /* Resources */ = {
			isa = PBXGroup;
			children = (
				B10000000000000000000009 /* Assets.xcassets */,
				B1000000000000000000004A /* malgun.ttf */,
				B1000000000000000000004B /* malgunbd.ttf */,
				B1000000000000000000004C /* malgunsl.ttf */,
			);
			path = Resources;
			sourceTree = "<group>";
		};
		G10000000000000000000011 /* WriterPadTests */ = {
			isa = PBXGroup;
			children = (
				B1000000000000000000000A /* AppEnvironmentTests.swift */,
				B90000000000000000000003 /* SupabaseConfigurationTests.swift */,
				B9000000000000000000000B /* SupabaseAuthServiceTests.swift */,
				B9000000000000000000000D /* DeviceIdentityServiceTests.swift */,
				B9000000000000000000000F /* SupabaseProjectBindingServiceTests.swift */,
				B96000000000000000000002 /* SyncV2ContractTests.swift */,
				B96000000000000000000003 /* SyncV2TransitionVector.swift */,
				B96000000000000000000004 /* SyncV2VectorHarness.swift */,
				B96000000000000000000005 /* SyncV2TransitionVectorTests.swift */,
				B90000000000000000000011 /* SyncV2StoreTests.swift */,
				B90000000000000000000031 /* SyncV2FolderIdentityTests.swift */,
				B90000000000000000000032 /* SyncV2FolderMigrationTests.swift */,
				B90000000000000000000033 /* SyncV2RemoteFolderPlannerTests.swift */,
				B90000000000000000000034 /* SyncV2RemoteFolderApplierTests.swift */,
				B90000000000000000000035 /* SyncV2FolderEndToEndTests.swift */,
				B90000000000000000000036 /* LocalBinderFolderSyncTests.swift */,
				B90000000000000000000014 /* SyncV2ClientTests.swift */,
				B9000000000000000000001A /* SyncV2SnapshotPullTests.swift */,
				B92000000000000000000002 /* ThreeWayMergeTests.swift */,
				B90000000000000000000017 /* SyncSettingsModelTests.swift */,
				G92000000000000000000001 /* Fixtures */,
				B10000000000000000000018 /* DomainModelTests.swift */,
				B10000000000000000000019 /* SaveStateMachineTests.swift */,
				B10000000000000000000020 /* SwiftDataMetadataRepositoryTests.swift */,
				B10000000000000000000023 /* PathPolicyTests.swift */,
				B10000000000000000000024 /* ProjectPathResolverTests.swift */,
				B10000000000000000000032 /* LocalProjectManagerTests.swift */,
				B10000000000000000000037 /* WindowsProjectImporterTests.swift */,
				B1000000000000000000003F /* LocalBinderRepositoryTests.swift */,
				B10000000000000000000041 /* BinderRuleServiceTests.swift */,
				B10000000000000000000045 /* LocalBinderCommandServiceTests.swift */,
				B1000000000000000000002B /* LocalDocumentStoreTestSupport.swift */,
				B1000000000000000000002C /* LocalDocumentStoreTests.swift */,
				B1000000000000000000002D /* LocalDocumentStoreRecoveryTests.swift */,
				B1000000000000000000004E /* LocalBackupStoreTests.swift */,
				B10000000000000000000053 /* ProjectSearchServiceTests.swift */,
				B10000000000000000000055 /* LocalManuscriptExporterTests.swift */,
				B10000000000000000000062 /* LocalPerformanceBaselineTests.swift */,
			);
			path = WriterPadTests;
			sourceTree = "<group>";
		};
		G92000000000000000000001 /* Fixtures */ = {
			isa = PBXGroup;
			children = (
				B92000000000000000000003 /* three_way_merge_cases.json */,
			);
			path = Fixtures;
			sourceTree = "<group>";
		};
		G10000000000000000000012 /* Configuration */ = {
			isa = PBXGroup;
			children = (
				B1000000000000000000000D /* Local.xcconfig.example */,
				B90000000000000000000004 /* Shared.xcconfig */,
				B90000000000000000000005 /* Debug.xcconfig */,
				B90000000000000000000006 /* Test.xcconfig */,
				B90000000000000000000007 /* Release.xcconfig */,
				B90000000000000000000008 /* Supabase.local.xcconfig.example */,
				B1000000000000000000000E /* README.md */,
			);
			path = Configuration;
			sourceTree = "<group>";
		};
		G10000000000000000000013 /* Products */ = {
			isa = PBXGroup;
			children = (
				B1000000000000000000000B /* WriterPad.app */,
				B1000000000000000000000C /* WriterPadTests.xctest */,
				B10000000000000000000047 /* WriterPadUITests.xctest */,
			);
			name = Products;
			sourceTree = "<group>";
		};
		G10000000000000000000020 /* WriterPadUITests */ = {
			isa = PBXGroup;
			children = (
				B10000000000000000000046 /* WriterPadShellUITests.swift */,
			);
			path = WriterPadUITests;
			sourceTree = "<group>";
		};
		G10000000000000000000014 /* Protocols */ = {
			isa = PBXGroup;
			children = (
				B10000000000000000000004 /* AppClock.swift */,
				B10000000000000000000005 /* FutureChangeNotifying.swift */,
				B10000000000000000000015 /* StorageProtocols.swift */,
				B1000000000000000000002F /* ProjectManaging.swift */,
				B10000000000000000000034 /* ProjectImporting.swift */,
				B10000000000000000000039 /* BinderRepository.swift */,
				B10000000000000000000016 /* UtilityProtocols.swift */,
			);
			path = Protocols;
			sourceTree = "<group>";
		};
		G10000000000000000000015 /* Local */ = {
			isa = PBXGroup;
			children = (
				B10000000000000000000003 /* BootstrapRecord.swift */,
				B1000000000000000000001A /* WriterPadMetadataSchema.swift */,
				B1000000000000000000001B /* MetadataRepositoryError.swift */,
				B1000000000000000000001C /* SwiftDataMetadataRepository.swift */,
				B1000000000000000000001D /* SwiftDataProjectRepository.swift */,
				B1000000000000000000001E /* SwiftDataDocumentRepository.swift */,
				B1000000000000000000001F /* SwiftDataWorkspaceRepository.swift */,
				B10000000000000000000035 /* SwiftDataImportRepository.swift */,
				B1000000000000000000003B /* SwiftDataBinderRepository.swift */,
				B10000000000000000000022 /* ProjectPathResolver.swift */,
				B10000000000000000000030 /* LocalProjectManager.swift */,
				B10000000000000000000036 /* WindowsProjectImporter.swift */,
				B1000000000000000000003A /* LocalBinderDirectoryScanner.swift */,
				B1000000000000000000003C /* LocalBinderRepository.swift */,
				B10000000000000000000043 /* LocalBinderCommandService.swift */,
				B10000000000000000000044 /* LocalBinderCommandServiceSupport.swift */,
				B10000000000000000000025 /* SHA256ContentHasher.swift */,
				B10000000000000000000026 /* LocalDocumentStoreError.swift */,
				B10000000000000000000027 /* POSIXAtomicFileWriter.swift */,
				B10000000000000000000028 /* LocalDocumentStore.swift */,
				B10000000000000000000029 /* LocalDocumentStoreRecovery.swift */,
				B10000000000000000000052 /* LocalProjectSearchService.swift */,
				B10000000000000000000054 /* LocalManuscriptExporter.swift */,
				B1000000000000000000002A /* RepositoryProjectWorkspaceLocator.swift */,
			);
			path = Local;
			sourceTree = "<group>";
		};
		G10000000000000000000016 /* Backup */ = {
			isa = PBXGroup;
			children = (
				B1000000000000000000004D /* LocalBackupStore.swift */,
				B1000000000000000000004F /* BackupHistoryView.swift */,
			);
			path = Backup;
			sourceTree = "<group>";
		};
		G10000000000000000000017 /* Trash */ = {
			isa = PBXGroup;
			children = (
				B10000000000000000000050 /* TrashManagementView.swift */,
			);
			path = Trash;
			sourceTree = "<group>";
		};
		G10000000000000000000018 /* Migration */ = {
			isa = PBXGroup;
			children = (
			);
			path = Migration;
			sourceTree = "<group>";
		};
		G10000000000000000000019 /* Projects */ = {
			isa = PBXGroup;
			children = (
				B10000000000000000000007 /* RootView.swift */,
				B1000000000000000000005B /* ProjectWorkspaceView.swift */,
				B1000000000000000000005C /* NewProjectAlertPresenter.swift */,
				B1000000000000000000005D /* WorkspaceLayoutSupport.swift */,
				B1000000000000000000005E /* ImportReportView.swift */,
				B1000000000000000000005F /* WritingWorkspaceView.swift */,
				B94000000000000000000008 /* WorkspaceSyncStatusPresentation.swift */,
				B10000000000000000000031 /* ProjectListModel.swift */,
				B10000000000000000000056 /* ManuscriptExportView.swift */,
				B10000000000000000000058 /* ManuscriptExportSupport.swift */,
				B10000000000000000000059 /* WorkspaceStorageCoordinator.swift */,
				B10000000000000000000057 /* DeletedProjectsView.swift */,
			);
			path = Projects;
			sourceTree = "<group>";
		};
		G1000000000000000000001A /* Binder */ = {
			isa = PBXGroup;
			children = (
				B1000000000000000000003D /* BinderViewModel.swift */,
				B1000000000000000000003E /* BinderPanel.swift */,
			);
			path = Binder;
			sourceTree = "<group>";
		};
		G1000000000000000000001B /* Editor */ = {
			isa = PBXGroup;
			children = (
				B10000000000000000000061 /* EditorSessionModel.swift */,
			);
			path = Editor;
			sourceTree = "<group>";
		};
		G1000000000000000000001C /* Backup */ = {
			isa = PBXGroup;
			children = (
			);
			path = Backup;
			sourceTree = "<group>";
		};
		G1000000000000000000001D /* Search */ = {
			isa = PBXGroup;
			children = (
				B10000000000000000000060 /* DocumentSearchTextField.swift */,
			);
			path = Search;
			sourceTree = "<group>";
		};
		G1000000000000000000001E /* Export */ = {
			isa = PBXGroup;
			children = (
			);
			path = Export;
			sourceTree = "<group>";
		};
		G1000000000000000000001F /* Settings */ = {
			isa = PBXGroup;
			children = (
				B10000000000000000000049 /* AppearanceSettingsView.swift */,
				B90000000000000000000016 /* SyncSettingsView.swift */,
			);
			path = Settings;
			sourceTree = "<group>";
		};
/* End PBXGroup section */

/* Begin PBXNativeTarget section */
		E10000000000000000000001 /* WriterPad */ = {
			isa = PBXNativeTarget;
			buildConfigurationList = H10000000000000000000002 /* Build configuration list for PBXNativeTarget "WriterPad" */;
			buildPhases = (
				I10000000000000000000001 /* Sources */,
				F10000000000000000000001 /* Frameworks */,
				J10000000000000000000001 /* Resources */,
			);
			buildRules = (
			);
			dependencies = (
			);
			name = WriterPad;
			packageProductDependencies = (
				E90000000000000000000002 /* Supabase */,
			);
			productName = WriterPad;
			productReference = B1000000000000000000000B /* WriterPad.app */;
			productType = "com.apple.product-type.application";
		};
		E10000000000000000000002 /* WriterPadTests */ = {
			isa = PBXNativeTarget;
			buildConfigurationList = H10000000000000000000003 /* Build configuration list for PBXNativeTarget "WriterPadTests" */;
			buildPhases = (
				I10000000000000000000002 /* Sources */,
				F10000000000000000000002 /* Frameworks */,
				J10000000000000000000002 /* Resources */,
			);
			buildRules = (
			);
			dependencies = (
				K10000000000000000000001 /* PBXTargetDependency */,
			);
			name = WriterPadTests;
			productName = WriterPadTests;
			productReference = B1000000000000000000000C /* WriterPadTests.xctest */;
			productType = "com.apple.product-type.bundle.unit-test";
		};
		E10000000000000000000003 /* WriterPadUITests */ = {
			isa = PBXNativeTarget;
			buildConfigurationList = H10000000000000000000004 /* Build configuration list for PBXNativeTarget "WriterPadUITests" */;
			buildPhases = (
				I10000000000000000000003 /* Sources */,
				F10000000000000000000003 /* Frameworks */,
				J10000000000000000000003 /* Resources */,
			);
			buildRules = (
			);
			dependencies = (
				K10000000000000000000002 /* PBXTargetDependency */,
			);
			name = WriterPadUITests;
			productName = WriterPadUITests;
			productReference = B10000000000000000000047 /* WriterPadUITests.xctest */;
			productType = "com.apple.product-type.bundle.ui-testing";
		};
/* End PBXNativeTarget section */

/* Begin PBXProject section */
		D10000000000000000000001 /* Project object */ = {
			isa = PBXProject;
			attributes = {
				BuildIndependentTargetsInParallel = 1;
				LastSwiftUpdateCheck = 2660;
				LastUpgradeCheck = 2660;
				TargetAttributes = {
					E10000000000000000000001 = {
						CreatedOnToolsVersion = 26.6;
					};
					E10000000000000000000002 = {
						CreatedOnToolsVersion = 26.6;
						TestTargetID = E10000000000000000000001;
					};
				};
			};
			buildConfigurationList = H10000000000000000000001 /* Build configuration list for PBXProject "WriterPad" */;
			compatibilityVersion = "Xcode 14.0";
			developmentRegion = ko;
			hasScannedForEncodings = 0;
			knownRegions = (
				en,
				Base,
				ko,
			);
			mainGroup = G10000000000000000000001;
			productRefGroup = G10000000000000000000013 /* Products */;
			packageReferences = (
				E90000000000000000000001 /* XCRemoteSwiftPackageReference "supabase-swift" */,
			);
			projectDirPath = "";
			projectRoot = "";
			targets = (
				E10000000000000000000001 /* WriterPad */,
				E10000000000000000000002 /* WriterPadTests */,
				E10000000000000000000003 /* WriterPadUITests */,
			);
		};
/* End PBXProject section */

/* Begin PBXResourcesBuildPhase section */
		J10000000000000000000001 /* Resources */ = {
			isa = PBXResourcesBuildPhase;
			buildActionMask = 2147483647;
			files = (
				A10000000000000000000009 /* Assets.xcassets in Resources */,
				A1000000000000000000004A /* malgun.ttf in Resources */,
				A1000000000000000000004B /* malgunbd.ttf in Resources */,
				A1000000000000000000004C /* malgunsl.ttf in Resources */,
				A9000000000000000000000E /* SyncV2StoreSchemaV1.sql in Resources */,
				A90000000000000000000041 /* SyncV2StoreSchemaV2.sql in Resources */,
				A90000000000000000000042 /* SyncV2StoreSchemaV3.sql in Resources */,
				A90000000000000000000043 /* SyncV2StoreSchemaV4.sql in Resources */,
			);
			runOnlyForDeploymentPostprocessing = 0;
		};
		J10000000000000000000002 /* Resources */ = {
			isa = PBXResourcesBuildPhase;
			buildActionMask = 2147483647;
			files = (
				A92000000000000000000003 /* three_way_merge_cases.json in Resources */,
			);
			runOnlyForDeploymentPostprocessing = 0;
		};
		J10000000000000000000003 /* Resources */ = {
			isa = PBXResourcesBuildPhase;
			buildActionMask = 2147483647;
			files = (
			);
			runOnlyForDeploymentPostprocessing = 0;
		};
/* End PBXResourcesBuildPhase section */

/* Begin PBXSourcesBuildPhase section */
		I10000000000000000000001 /* Sources */ = {
			isa = PBXSourcesBuildPhase;
			buildActionMask = 2147483647;
			files = (
				A10000000000000000000001 /* WriterPadApp.swift in Sources */,
				A10000000000000000000002 /* AppEnvironment.swift in Sources */,
				A10000000000000000000003 /* BootstrapRecord.swift in Sources */,
				A10000000000000000000004 /* AppClock.swift in Sources */,
				A10000000000000000000005 /* FutureChangeNotifying.swift in Sources */,
				A10000000000000000000006 /* NoOpFutureChangeNotifier.swift in Sources */,
				A10000000000000000000007 /* RootView.swift in Sources */,
				A10000000000000000000056 /* WriterPadTheme.swift in Sources */,
				A10000000000000000000057 /* ProjectWorkspaceView.swift in Sources */,
				A10000000000000000000058 /* NewProjectAlertPresenter.swift in Sources */,
				A10000000000000000000059 /* WorkspaceLayoutSupport.swift in Sources */,
				A1000000000000000000005A /* ImportReportView.swift in Sources */,
				A1000000000000000000005B /* WritingWorkspaceView.swift in Sources */,
				A1000000000000000000005C /* DocumentSearchTextField.swift in Sources */,
				A1000000000000000000005D /* EditorSessionModel.swift in Sources */,
				A1000000000000000000002D /* ProjectListModel.swift in Sources */,
				A10000000000000000000052 /* ManuscriptExportView.swift in Sources */,
				A10000000000000000000054 /* ManuscriptExportSupport.swift in Sources */,
				A10000000000000000000055 /* WorkspaceStorageCoordinator.swift in Sources */,
				A10000000000000000000053 /* DeletedProjectsView.swift in Sources */,
				A10000000000000000000039 /* BinderViewModel.swift in Sources */,
				A1000000000000000000003A /* BinderPanel.swift in Sources */,
				A10000000000000000000008 /* UIKitTextViewBridge.swift in Sources */,
				A1000000000000000000000B /* Identifiers.swift in Sources */,
				A1000000000000000000000C /* Project.swift in Sources */,
				A1000000000000000000002A /* ManagedProject.swift in Sources */,
				A1000000000000000000002F /* ImportModels.swift in Sources */,
				A10000000000000000000034 /* BinderModels.swift in Sources */,
				A1000000000000000000003E /* BinderCommandModels.swift in Sources */,
				A1000000000000000000000D /* DocumentNode.swift in Sources */,
				A1000000000000000000000E /* BackupSnapshot.swift in Sources */,
				A1000000000000000000000F /* EditorAndSaveState.swift in Sources */,
				A10000000000000000000010 /* StorageOperations.swift in Sources */,
				A10000000000000000000011 /* StorageProtocols.swift in Sources */,
				A1000000000000000000002B /* ProjectManaging.swift in Sources */,
				A10000000000000000000030 /* ProjectImporting.swift in Sources */,
				A10000000000000000000035 /* BinderRepository.swift in Sources */,
				A10000000000000000000012 /* UtilityProtocols.swift in Sources */,
				A10000000000000000000013 /* SaveStateMachine.swift in Sources */,
				A1000000000000000000001D /* PathPolicy.swift in Sources */,
				A1000000000000000000003C /* BinderRuleService.swift in Sources */,
				A1000000000000000000004D /* BinderHierarchyPolicy.swift in Sources */,
				A10000000000000000000043 /* TextRuleEngine.swift in Sources */,
				A10000000000000000000044 /* AppearanceSettingsView.swift in Sources */,
				A10000000000000000000045 /* LocalBackupStore.swift in Sources */,
				A10000000000000000000047 /* BackupHistoryView.swift in Sources */,
				A10000000000000000000048 /* TrashManagementView.swift in Sources */,
				A10000000000000000000016 /* WriterPadMetadataSchema.swift in Sources */,
				A10000000000000000000017 /* MetadataRepositoryError.swift in Sources */,
				A10000000000000000000018 /* SwiftDataMetadataRepository.swift in Sources */,
				A10000000000000000000019 /* SwiftDataProjectRepository.swift in Sources */,
				A1000000000000000000001A /* SwiftDataDocumentRepository.swift in Sources */,
				A1000000000000000000001B /* SwiftDataWorkspaceRepository.swift in Sources */,
				A10000000000000000000031 /* SwiftDataImportRepository.swift in Sources */,
				A10000000000000000000037 /* SwiftDataBinderRepository.swift in Sources */,
				A1000000000000000000001E /* ProjectPathResolver.swift in Sources */,
				A1000000000000000000002C /* LocalProjectManager.swift in Sources */,
				A10000000000000000000032 /* WindowsProjectImporter.swift in Sources */,
				A10000000000000000000036 /* LocalBinderDirectoryScanner.swift in Sources */,
				A10000000000000000000038 /* LocalBinderRepository.swift in Sources */,
				A1000000000000000000003F /* LocalBinderCommandService.swift in Sources */,
				A10000000000000000000040 /* LocalBinderCommandServiceSupport.swift in Sources */,
				A10000000000000000000021 /* SHA256ContentHasher.swift in Sources */,
				A10000000000000000000022 /* LocalDocumentStoreError.swift in Sources */,
				A10000000000000000000023 /* POSIXAtomicFileWriter.swift in Sources */,
				A10000000000000000000024 /* LocalDocumentStore.swift in Sources */,
				A10000000000000000000025 /* LocalDocumentStoreRecovery.swift in Sources */,
				A10000000000000000000026 /* RepositoryProjectWorkspaceLocator.swift in Sources */,
				A1000000000000000000004E /* LocalProjectSearchService.swift in Sources */,
				A10000000000000000000050 /* LocalManuscriptExporter.swift in Sources */,
				A90000000000000000000001 /* SupabaseConfiguration.swift in Sources */,
				A90000000000000000000002 /* SupabaseClientProvider.swift in Sources */,
				A90000000000000000000005 /* KeychainSessionStore.swift in Sources */,
				A90000000000000000000006 /* SupabaseAuthService.swift in Sources */,
				A90000000000000000000008 /* DeviceIdentityService.swift in Sources */,
				A9000000000000000000000A /* SupabaseProjectBindingService.swift in Sources */,
				A96000000000000000000001 /* SyncV2Contract.swift in Sources */,
				A9000000000000000000000C /* SyncV2Store.swift in Sources */,
				A9000000000000000000000F /* SyncV2Client.swift in Sources */,
				A90000000000000000000011 /* SyncV2Dispatcher.swift in Sources */,
				A90000000000000000000015 /* SyncV2SnapshotPull.swift in Sources */,
				A95000000000000000000001 /* SyncV2Timing.swift in Sources */,
				A94000000000000000000001 /* SyncV2SnapshotTransport.swift in Sources */,
				A94000000000000000000002 /* SyncV2SnapshotModels.swift in Sources */,
				A94000000000000000000003 /* SyncV2SnapshotPullService.swift in Sources */,
				A94000000000000000000004 /* SyncV2RealtimeTrigger.swift in Sources */,
				A94000000000000000000007 /* SyncV2LocalSnapshotApply.swift in Sources */,
				A94000000000000000000021 /* SyncV2FolderIdentity.swift in Sources */,
				A94000000000000000000022 /* SyncV2FolderMigration.swift in Sources */,
				A94000000000000000000023 /* SyncV2RemoteFolderPlanner.swift in Sources */,
				A94000000000000000000024 /* SyncV2RemoteFolderApplier.swift in Sources */,
				A94000000000000000000008 /* WorkspaceSyncStatusPresentation.swift in Sources */,
				A93000000000000000000001 /* SyncV2Diagnostics.swift in Sources */,
				A92000000000000000000001 /* ThreeWayMerge.swift in Sources */,
				A90000000000000000000012 /* SyncSettingsView.swift in Sources */,
				A90000000000000000000014 /* EditLeaseManager.swift in Sources */,
			);
			runOnlyForDeploymentPostprocessing = 0;
		};
		I10000000000000000000002 /* Sources */ = {
			isa = PBXSourcesBuildPhase;
			buildActionMask = 2147483647;
			files = (
				A1000000000000000000000A /* AppEnvironmentTests.swift in Sources */,
				A10000000000000000000014 /* DomainModelTests.swift in Sources */,
				A10000000000000000000015 /* SaveStateMachineTests.swift in Sources */,
				A1000000000000000000001C /* SwiftDataMetadataRepositoryTests.swift in Sources */,
				A1000000000000000000001F /* PathPolicyTests.swift in Sources */,
				A10000000000000000000020 /* ProjectPathResolverTests.swift in Sources */,
				A1000000000000000000002E /* LocalProjectManagerTests.swift in Sources */,
				A10000000000000000000033 /* WindowsProjectImporterTests.swift in Sources */,
				A1000000000000000000003B /* LocalBinderRepositoryTests.swift in Sources */,
				A1000000000000000000003D /* BinderRuleServiceTests.swift in Sources */,
				A10000000000000000000041 /* LocalBinderCommandServiceTests.swift in Sources */,
				A10000000000000000000027 /* LocalDocumentStoreTestSupport.swift in Sources */,
				A10000000000000000000028 /* LocalDocumentStoreTests.swift in Sources */,
				A10000000000000000000029 /* LocalDocumentStoreRecoveryTests.swift in Sources */,
				A10000000000000000000046 /* LocalBackupStoreTests.swift in Sources */,
				A1000000000000000000004F /* ProjectSearchServiceTests.swift in Sources */,
				A10000000000000000000051 /* LocalManuscriptExporterTests.swift in Sources */,
				A1000000000000000000005E /* LocalPerformanceBaselineTests.swift in Sources */,
				A90000000000000000000003 /* SupabaseConfigurationTests.swift in Sources */,
				A90000000000000000000007 /* SupabaseAuthServiceTests.swift in Sources */,
				A90000000000000000000009 /* DeviceIdentityServiceTests.swift in Sources */,
				A9000000000000000000000B /* SupabaseProjectBindingServiceTests.swift in Sources */,
				A96000000000000000000002 /* SyncV2ContractTests.swift in Sources */,
				A96000000000000000000003 /* SyncV2TransitionVector.swift in Sources */,
				A96000000000000000000004 /* SyncV2VectorHarness.swift in Sources */,
				A96000000000000000000005 /* SyncV2TransitionVectorTests.swift in Sources */,
				A9000000000000000000000D /* SyncV2StoreTests.swift in Sources */,
				A90000000000000000000031 /* SyncV2FolderIdentityTests.swift in Sources */,
				A90000000000000000000032 /* SyncV2FolderMigrationTests.swift in Sources */,
				A90000000000000000000033 /* SyncV2RemoteFolderPlannerTests.swift in Sources */,
				A90000000000000000000034 /* SyncV2RemoteFolderApplierTests.swift in Sources */,
				A90000000000000000000035 /* SyncV2FolderEndToEndTests.swift in Sources */,
				A90000000000000000000036 /* LocalBinderFolderSyncTests.swift in Sources */,
				A90000000000000000000010 /* SyncV2ClientTests.swift in Sources */,
				A90000000000000000000016 /* SyncV2SnapshotPullTests.swift in Sources */,
				A92000000000000000000002 /* ThreeWayMergeTests.swift in Sources */,
				A90000000000000000000013 /* SyncSettingsModelTests.swift in Sources */,
			);
			runOnlyForDeploymentPostprocessing = 0;
		};
		I10000000000000000000003 /* Sources */ = {
			isa = PBXSourcesBuildPhase;
			buildActionMask = 2147483647;
			files = (
				A10000000000000000000042 /* WriterPadShellUITests.swift in Sources */,
			);
			runOnlyForDeploymentPostprocessing = 0;
		};
/* End PBXSourcesBuildPhase section */

/* Begin PBXTargetDependency section */
		K10000000000000000000001 /* PBXTargetDependency */ = {
			isa = PBXTargetDependency;
			target = E10000000000000000000001 /* WriterPad */;
			targetProxy = C10000000000000000000001 /* PBXContainerItemProxy */;
		};
		K10000000000000000000002 /* PBXTargetDependency */ = {
			isa = PBXTargetDependency;
			target = E10000000000000000000001 /* WriterPad */;
			targetProxy = C10000000000000000000002 /* PBXContainerItemProxy */;
		};
/* End PBXTargetDependency section */

/* Begin XCBuildConfiguration section */
		L10000000000000000000001 /* Debug */ = {
			isa = XCBuildConfiguration;
			buildSettings = {
				ALWAYS_SEARCH_USER_PATHS = NO;
				CLANG_ANALYZER_NONNULL = YES;
				CLANG_ENABLE_MODULES = YES;
				CLANG_ENABLE_OBJC_ARC = YES;
				COPY_PHASE_STRIP = NO;
				DEBUG_INFORMATION_FORMAT = dwarf;
				ENABLE_TESTABILITY = YES;
				GCC_C_LANGUAGE_STANDARD = gnu17;
				GCC_OPTIMIZATION_LEVEL = 0;
				MTL_ENABLE_DEBUG_INFO = INCLUDE_SOURCE;
				ONLY_ACTIVE_ARCH = YES;
				SDKROOT = iphoneos;
				SWIFT_ACTIVE_COMPILATION_CONDITIONS = "DEBUG $(inherited)";
				SWIFT_OPTIMIZATION_LEVEL = "-Onone";
			};
			name = Debug;
		};
		L10000000000000000000002 /* Release */ = {
			isa = XCBuildConfiguration;
			buildSettings = {
				ALWAYS_SEARCH_USER_PATHS = NO;
				CLANG_ANALYZER_NONNULL = YES;
				CLANG_ENABLE_MODULES = YES;
				CLANG_ENABLE_OBJC_ARC = YES;
				COPY_PHASE_STRIP = NO;
				DEBUG_INFORMATION_FORMAT = "dwarf-with-dsym";
				ENABLE_NS_ASSERTIONS = NO;
				GCC_C_LANGUAGE_STANDARD = gnu17;
				MTL_ENABLE_DEBUG_INFO = NO;
				SDKROOT = iphoneos;
				SWIFT_COMPILATION_MODE = wholemodule;
				VALIDATE_PRODUCT = YES;
			};
			name = Release;
		};
		L10000000000000000000003 /* Debug */ = {
			isa = XCBuildConfiguration;
			baseConfigurationReference = B90000000000000000000005 /* Debug.xcconfig */;
			buildSettings = {
				CODE_SIGN_STYLE = Automatic;
				CURRENT_PROJECT_VERSION = 1;
				DERIVE_MACCATALYST_PRODUCT_BUNDLE_IDENTIFIER = NO;
				DEVELOPMENT_TEAM = LZZLHYSSC2;
				ENABLE_PREVIEWS = YES;
				GENERATE_INFOPLIST_FILE = YES;
				INFOPLIST_KEY_CFBundleDisplayName = WriterPad;
				INFOPLIST_KEY_LSApplicationCategoryType = "public.app-category.productivity";
				INFOPLIST_KEY_UIApplicationSupportsIndirectInputEvents = YES;
				INFOPLIST_KEY_UILaunchScreen_Generation = YES;
				INFOPLIST_KEY_UISupportedInterfaceOrientations_iPad = "UIInterfaceOrientationPortrait UIInterfaceOrientationPortraitUpsideDown UIInterfaceOrientationLandscapeLeft UIInterfaceOrientationLandscapeRight";
				INFOPLIST_FILE = WriterPad/Info.plist;
				IPHONEOS_DEPLOYMENT_TARGET = 17.6;
				MARKETING_VERSION = 0.1.0;
				PRODUCT_BUNDLE_IDENTIFIER = com.chocos.writerpad;
				PRODUCT_NAME = "$(TARGET_NAME)";
				SUPPORTED_PLATFORMS = "iphoneos iphonesimulator";
				SUPPORTS_MACCATALYST = YES;
				SUPPORTS_MAC_DESIGNED_FOR_IPHONE_IPAD = NO;
				SWIFT_EMIT_LOC_STRINGS = YES;
				SWIFT_STRICT_CONCURRENCY = complete;
				SWIFT_UPCOMING_FEATURE_INFER_SENDABLE_FROM_CAPTURES = YES;
				SWIFT_VERSION = 5.0;
				TARGETED_DEVICE_FAMILY = 2;
			};
			name = Debug;
		};
		L10000000000000000000004 /* Release */ = {
			isa = XCBuildConfiguration;
			baseConfigurationReference = B90000000000000000000007 /* Release.xcconfig */;
			buildSettings = {
				CODE_SIGN_STYLE = Automatic;
				CURRENT_PROJECT_VERSION = 1;
				DERIVE_MACCATALYST_PRODUCT_BUNDLE_IDENTIFIER = NO;
				DEVELOPMENT_TEAM = LZZLHYSSC2;
				ENABLE_PREVIEWS = YES;
				GENERATE_INFOPLIST_FILE = YES;
				INFOPLIST_KEY_CFBundleDisplayName = WriterPad;
				INFOPLIST_KEY_LSApplicationCategoryType = "public.app-category.productivity";
				INFOPLIST_KEY_UIApplicationSupportsIndirectInputEvents = YES;
				INFOPLIST_KEY_UILaunchScreen_Generation = YES;
				INFOPLIST_KEY_UISupportedInterfaceOrientations_iPad = "UIInterfaceOrientationPortrait UIInterfaceOrientationPortraitUpsideDown UIInterfaceOrientationLandscapeLeft UIInterfaceOrientationLandscapeRight";
				INFOPLIST_FILE = WriterPad/Info.plist;
				IPHONEOS_DEPLOYMENT_TARGET = 17.6;
				MARKETING_VERSION = 0.1.0;
				PRODUCT_BUNDLE_IDENTIFIER = com.chocos.writerpad;
				PRODUCT_NAME = "$(TARGET_NAME)";
				SUPPORTED_PLATFORMS = "iphoneos iphonesimulator";
				SUPPORTS_MACCATALYST = YES;
				SUPPORTS_MAC_DESIGNED_FOR_IPHONE_IPAD = NO;
				SWIFT_EMIT_LOC_STRINGS = YES;
				SWIFT_STRICT_CONCURRENCY = complete;
				SWIFT_UPCOMING_FEATURE_INFER_SENDABLE_FROM_CAPTURES = YES;
				SWIFT_VERSION = 5.0;
				TARGETED_DEVICE_FAMILY = 2;
			};
			name = Release;
		};
		L10000000000000000000005 /* Debug */ = {
			isa = XCBuildConfiguration;
			baseConfigurationReference = B90000000000000000000006 /* Test.xcconfig */;
			buildSettings = {
				BUNDLE_LOADER = "$(TEST_HOST)";
				CODE_SIGN_STYLE = Automatic;
				DEVELOPMENT_TEAM = LZZLHYSSC2;
				GENERATE_INFOPLIST_FILE = YES;
				IPHONEOS_DEPLOYMENT_TARGET = 17.6;
				PRODUCT_BUNDLE_IDENTIFIER = com.chocos.writerpad.tests;
				PRODUCT_NAME = "$(TARGET_NAME)";
				SWIFT_STRICT_CONCURRENCY = complete;
				SWIFT_VERSION = 5.0;
				TARGETED_DEVICE_FAMILY = 2;
				TEST_HOST = "$(BUILT_PRODUCTS_DIR)/WriterPad.app/$(BUNDLE_EXECUTABLE_FOLDER_PATH)/WriterPad";
			};
			name = Debug;
		};
		L10000000000000000000006 /* Release */ = {
			isa = XCBuildConfiguration;
			baseConfigurationReference = B90000000000000000000006 /* Test.xcconfig */;
			buildSettings = {
				BUNDLE_LOADER = "$(TEST_HOST)";
				CODE_SIGN_STYLE = Automatic;
				DEVELOPMENT_TEAM = LZZLHYSSC2;
				GENERATE_INFOPLIST_FILE = YES;
				IPHONEOS_DEPLOYMENT_TARGET = 17.6;
				PRODUCT_BUNDLE_IDENTIFIER = com.chocos.writerpad.tests;
				PRODUCT_NAME = "$(TARGET_NAME)";
				SWIFT_STRICT_CONCURRENCY = complete;
				SWIFT_VERSION = 5.0;
				TARGETED_DEVICE_FAMILY = 2;
				TEST_HOST = "$(BUILT_PRODUCTS_DIR)/WriterPad.app/$(BUNDLE_EXECUTABLE_FOLDER_PATH)/WriterPad";
			};
			name = Release;
		};
		L10000000000000000000007 /* Debug */ = {
			isa = XCBuildConfiguration;
			baseConfigurationReference = B90000000000000000000006 /* Test.xcconfig */;
			buildSettings = {
				CODE_SIGN_STYLE = Automatic;
				DEVELOPMENT_TEAM = LZZLHYSSC2;
				GENERATE_INFOPLIST_FILE = YES;
				IPHONEOS_DEPLOYMENT_TARGET = 17.6;
				PRODUCT_BUNDLE_IDENTIFIER = com.chocos.writerpad.uitests;
				PRODUCT_NAME = "$(TARGET_NAME)";
				SWIFT_STRICT_CONCURRENCY = complete;
				SWIFT_VERSION = 5.0;
				TARGETED_DEVICE_FAMILY = 2;
				TEST_TARGET_NAME = WriterPad;
			};
			name = Debug;
		};
		L10000000000000000000008 /* Release */ = {
			isa = XCBuildConfiguration;
			baseConfigurationReference = B90000000000000000000006 /* Test.xcconfig */;
			buildSettings = {
				CODE_SIGN_STYLE = Automatic;
				DEVELOPMENT_TEAM = LZZLHYSSC2;
				GENERATE_INFOPLIST_FILE = YES;
				IPHONEOS_DEPLOYMENT_TARGET = 17.6;
				PRODUCT_BUNDLE_IDENTIFIER = com.chocos.writerpad.uitests;
				PRODUCT_NAME = "$(TARGET_NAME)";
				SWIFT_STRICT_CONCURRENCY = complete;
				SWIFT_VERSION = 5.0;
				TARGETED_DEVICE_FAMILY = 2;
				TEST_TARGET_NAME = WriterPad;
			};
			name = Release;
		};
/* End XCBuildConfiguration section */

/* Begin XCConfigurationList section */
		H10000000000000000000001 /* Build configuration list for PBXProject "WriterPad" */ = {
			isa = XCConfigurationList;
			buildConfigurations = (
				L10000000000000000000001 /* Debug */,
				L10000000000000000000002 /* Release */,
			);
			defaultConfigurationIsVisible = 0;
			defaultConfigurationName = Release;
		};
		H10000000000000000000002 /* Build configuration list for PBXNativeTarget "WriterPad" */ = {
			isa = XCConfigurationList;
			buildConfigurations = (
				L10000000000000000000003 /* Debug */,
				L10000000000000000000004 /* Release */,
			);
			defaultConfigurationIsVisible = 0;
			defaultConfigurationName = Release;
		};
		H10000000000000000000003 /* Build configuration list for PBXNativeTarget "WriterPadTests" */ = {
			isa = XCConfigurationList;
			buildConfigurations = (
				L10000000000000000000005 /* Debug */,
				L10000000000000000000006 /* Release */,
			);
			defaultConfigurationIsVisible = 0;
			defaultConfigurationName = Release;
		};
		H10000000000000000000004 /* Build configuration list for PBXNativeTarget "WriterPadUITests" */ = {
			isa = XCConfigurationList;
			buildConfigurations = (
				L10000000000000000000007 /* Debug */,
				L10000000000000000000008 /* Release */,
			);
			defaultConfigurationIsVisible = 0;
			defaultConfigurationName = Release;
		};
/* End XCConfigurationList section */

/* Begin XCRemoteSwiftPackageReference section */
		E90000000000000000000001 /* XCRemoteSwiftPackageReference "supabase-swift" */ = {
			isa = XCRemoteSwiftPackageReference;
			repositoryURL = "https://github.com/supabase/supabase-swift.git";
			requirement = {
				kind = exactVersion;
				version = 2.46.0;
			};
		};
/* End XCRemoteSwiftPackageReference section */

/* Begin XCSwiftPackageProductDependency section */
		E90000000000000000000002 /* Supabase */ = {
			isa = XCSwiftPackageProductDependency;
			package = E90000000000000000000001 /* XCRemoteSwiftPackageReference "supabase-swift" */;
			productName = Supabase;
		};
/* End XCSwiftPackageProductDependency section */
	};
	rootObject = D10000000000000000000001 /* Project object */;
}
